// !$*UTF8*$!
{
	archiveVersion = 1;
	classes = {
	};
	objectVersion = 48;
	objects = {

/* Begin PBXBuildFile section */
		0A05158B1F257303002FFE45 /* AppDelegate.swift in Sources */ = {isa = PBXBuildFile; fileRef = 0A05158A1F257303002FFE45 /* AppDelegate.swift */; };
		0A05158D1F257303002FFE45 /* FormListVC.swift in Sources */ = {isa = PBXBuildFile; fileRef = 0A05158C1F257303002FFE45 /* FormListVC.swift */; };
		0A0515901F257303002FFE45 /* Main.storyboard in Resources */ = {isa = PBXBuildFile; fileRef = 0A05158E1F257303002FFE45 /* Main.storyboard */; };
		0A0515921F257303002FFE45 /* Assets.xcassets in Resources */ = {isa = PBXBuildFile; fileRef = 0A0515911F257303002FFE45 /* Assets.xcassets */; };
		0A0515951F257303002FFE45 /* LaunchScreen.storyboard in Resources */ = {isa = PBXBuildFile; fileRef = 0A0515931F257303002FFE45 /* LaunchScreen.storyboard */; };
		0A0515A01F257303002FFE45 /* ChuvaTests.swift in Sources */ = {isa = PBXBuildFile; fileRef = 0A05159F1F257303002FFE45 /* ChuvaTests.swift */; };
		0A0515AB1F257303002FFE45 /* ChuvaUITests.swift in Sources */ = {isa = PBXBuildFile; fileRef = 0A0515AA1F257303002FFE45 /* ChuvaUITests.swift */; };
		0A102AEC1F57AF1500F0F841 /* CreateFormVC.swift in Sources */ = {isa = PBXBuildFile; fileRef = 0A102AEB1F57AF1500F0F841 /* CreateFormVC.swift */; };
		0A23B8531F4915240034DBEA /* CreateQuestionVC.swift in Sources */ = {isa = PBXBuildFile; fileRef = 0A23B8521F4915230034DBEA /* CreateQuestionVC.swift */; };
		0A58DC8F1F2E400500087340 /* Answer.swift in Sources */ = {isa = PBXBuildFile; fileRef = 0A58DC8D1F2E400500087340 /* Answer.swift */; };
		0A58DC901F2E400500087340 /* Question.swift in Sources */ = {isa = PBXBuildFile; fileRef = 0A58DC8E1F2E400500087340 /* Question.swift */; };
		0A626AA31F52677B00733930 /* Eureka.framework in Frameworks */ = {isa = PBXBuildFile; fileRef = 0A626AA01F52677100733930 /* Eureka.framework */; };
		0AAF998B1FAEA7F900FDC407 /* ReactiveCocoa.framework in Frameworks */ = {isa = PBXBuildFile; fileRef = 0AAF99821FAEA7ED00FDC407 /* ReactiveCocoa.framework */; };
		0AAF99A41FAEA81000FDC407 /* ReactiveSwift.framework in Frameworks */ = {isa = PBXBuildFile; fileRef = 0AAF999B1FAEA80C00FDC407 /* ReactiveSwift.framework */; };
		0AAF99BD1FAEA82200FDC407 /* Result.framework in Frameworks */ = {isa = PBXBuildFile; fileRef = 0AAF99B41FAEA81D00FDC407 /* Result.framework */; };
		0AB2516F1F5BAA2B0075AD12 /* Disk.framework in Frameworks */ = {isa = PBXBuildFile; fileRef = 0AB2516E1F5BAA260075AD12 /* Disk.framework */; };
		0AB251701F5BAA2B0075AD12 /* Disk.framework in Embed Frameworks */ = {isa = PBXBuildFile; fileRef = 0AB2516E1F5BAA260075AD12 /* Disk.framework */; settings = {ATTRIBUTES = (CodeSignOnCopy, RemoveHeadersOnCopy, ); }; };
		0AB251721F5BACAB0075AD12 /* Form.swift in Sources */ = {isa = PBXBuildFile; fileRef = 0AB251711F5BACAB0075AD12 /* Form.swift */; };
		0AF629CE1F3687BD00CED1E2 /* AnswerProtocols.swift in Sources */ = {isa = PBXBuildFile; fileRef = 0AF629CD1F3687BD00CED1E2 /* AnswerProtocols.swift */; };
		0AF629D01F3687E300CED1E2 /* QuestionProtocols.swift in Sources */ = {isa = PBXBuildFile; fileRef = 0AF629CF1F3687E300CED1E2 /* QuestionProtocols.swift */; };
		0AF629D31F36882500CED1E2 /* RowRepresentable.swift in Sources */ = {isa = PBXBuildFile; fileRef = 0AF629D21F36882500CED1E2 /* RowRepresentable.swift */; };
		0AF65F921F5B6A900055697C /* Serializable.swift in Sources */ = {isa = PBXBuildFile; fileRef = 0AF65F8F1F5B6A900055697C /* Serializable.swift */; };
		0AF65F951F5B6F740055697C /* Integer.swift in Sources */ = {isa = PBXBuildFile; fileRef = 0AF65F941F5B6F740055697C /* Integer.swift */; };
		0AF65F971F5B6F7A0055697C /* Decimal.swift in Sources */ = {isa = PBXBuildFile; fileRef = 0AF65F961F5B6F7A0055697C /* Decimal.swift */; };
		0AF65F991F5B6F7F0055697C /* Text.swift in Sources */ = {isa = PBXBuildFile; fileRef = 0AF65F981F5B6F7F0055697C /* Text.swift */; };
		0AF65F9B1F5B6F900055697C /* SingleChoice.swift in Sources */ = {isa = PBXBuildFile; fileRef = 0AF65F9A1F5B6F900055697C /* SingleChoice.swift */; };
		0AF65F9D1F5B6F980055697C /* MultipleChoice.swift in Sources */ = {isa = PBXBuildFile; fileRef = 0AF65F9C1F5B6F980055697C /* MultipleChoice.swift */; };
/* End PBXBuildFile section */

/* Begin PBXContainerItemProxy section */
		0A05159C1F257303002FFE45 /* PBXContainerItemProxy */ = {
			isa = PBXContainerItemProxy;
			containerPortal = 0A05157F1F257303002FFE45 /* Project object */;
			proxyType = 1;
			remoteGlobalIDString = 0A0515861F257303002FFE45;
			remoteInfo = Chuva;
		};
		0A0515A71F257303002FFE45 /* PBXContainerItemProxy */ = {
			isa = PBXContainerItemProxy;
			containerPortal = 0A05157F1F257303002FFE45 /* Project object */;
			proxyType = 1;
			remoteGlobalIDString = 0A0515861F257303002FFE45;
			remoteInfo = Chuva;
		};
		0A626A9F1F52677100733930 /* PBXContainerItemProxy */ = {
			isa = PBXContainerItemProxy;
			containerPortal = 0A626A9A1F52677100733930 /* Eureka.xcodeproj */;
			proxyType = 2;
			remoteGlobalIDString = 51729DEB1B9A4F5E004A00EB;
			remoteInfo = Eureka;
		};
		0A626AA11F52677100733930 /* PBXContainerItemProxy */ = {
			isa = PBXContainerItemProxy;
			containerPortal = 0A626A9A1F52677100733930 /* Eureka.xcodeproj */;
			proxyType = 2;
			remoteGlobalIDString = 51729DF51B9A4F5E004A00EB;
			remoteInfo = EurekaTests;
		};
		0AAF997D1FAEA7ED00FDC407 /* PBXContainerItemProxy */ = {
			isa = PBXContainerItemProxy;
			containerPortal = 0AAF99711FAEA7ED00FDC407 /* ReactiveCocoa.xcodeproj */;
			proxyType = 2;
			remoteGlobalIDString = D04725EA19E49ED7006002AA;
			remoteInfo = "ReactiveCocoa-macOS";
		};
		0AAF997F1FAEA7ED00FDC407 /* PBXContainerItemProxy */ = {
			isa = PBXContainerItemProxy;
			containerPortal = 0AAF99711FAEA7ED00FDC407 /* ReactiveCocoa.xcodeproj */;
			proxyType = 2;
			remoteGlobalIDString = D04725F519E49ED7006002AA;
			remoteInfo = "ReactiveCocoa-macOSTests";
		};
		0AAF99811FAEA7ED00FDC407 /* PBXContainerItemProxy */ = {
			isa = PBXContainerItemProxy;
			containerPortal = 0AAF99711FAEA7ED00FDC407 /* ReactiveCocoa.xcodeproj */;
			proxyType = 2;
			remoteGlobalIDString = D047260C19E49F82006002AA;
			remoteInfo = "ReactiveCocoa-iOS";
		};
		0AAF99831FAEA7ED00FDC407 /* PBXContainerItemProxy */ = {
			isa = PBXContainerItemProxy;
			containerPortal = 0AAF99711FAEA7ED00FDC407 /* ReactiveCocoa.xcodeproj */;
			proxyType = 2;
			remoteGlobalIDString = D047261619E49F82006002AA;
			remoteInfo = "ReactiveCocoa-iOSTests";
		};
		0AAF99851FAEA7ED00FDC407 /* PBXContainerItemProxy */ = {
			isa = PBXContainerItemProxy;
			containerPortal = 0AAF99711FAEA7ED00FDC407 /* ReactiveCocoa.xcodeproj */;
			proxyType = 2;
			remoteGlobalIDString = A9B315541B3940610001CB9C;
			remoteInfo = "ReactiveCocoa-watchOS";
		};
		0AAF99871FAEA7ED00FDC407 /* PBXContainerItemProxy */ = {
			isa = PBXContainerItemProxy;
			containerPortal = 0AAF99711FAEA7ED00FDC407 /* ReactiveCocoa.xcodeproj */;
			proxyType = 2;
			remoteGlobalIDString = 57A4D2411BA13D7A00F7D4B1;
			remoteInfo = "ReactiveCocoa-tvOS";
		};
		0AAF99891FAEA7ED00FDC407 /* PBXContainerItemProxy */ = {
			isa = PBXContainerItemProxy;
			containerPortal = 0AAF99711FAEA7ED00FDC407 /* ReactiveCocoa.xcodeproj */;
			proxyType = 2;
			remoteGlobalIDString = 7DFBED031CDB8C9500EE435B;
			remoteInfo = "ReactiveCocoa-tvOSTests";
		};
		0AAF99961FAEA80C00FDC407 /* PBXContainerItemProxy */ = {
			isa = PBXContainerItemProxy;
			containerPortal = 0AAF998C1FAEA80C00FDC407 /* ReactiveSwift.xcodeproj */;
			proxyType = 2;
			remoteGlobalIDString = D04725EA19E49ED7006002AA;
			remoteInfo = "ReactiveSwift-macOS";
		};
		0AAF99981FAEA80C00FDC407 /* PBXContainerItemProxy */ = {
			isa = PBXContainerItemProxy;
			containerPortal = 0AAF998C1FAEA80C00FDC407 /* ReactiveSwift.xcodeproj */;
			proxyType = 2;
			remoteGlobalIDString = D04725F519E49ED7006002AA;
			remoteInfo = "ReactiveSwift-macOSTests";
		};
		0AAF999A1FAEA80C00FDC407 /* PBXContainerItemProxy */ = {
			isa = PBXContainerItemProxy;
			containerPortal = 0AAF998C1FAEA80C00FDC407 /* ReactiveSwift.xcodeproj */;
			proxyType = 2;
			remoteGlobalIDString = D047260C19E49F82006002AA;
			remoteInfo = "ReactiveSwift-iOS";
		};
		0AAF999C1FAEA80C00FDC407 /* PBXContainerItemProxy */ = {
			isa = PBXContainerItemProxy;
			containerPortal = 0AAF998C1FAEA80C00FDC407 /* ReactiveSwift.xcodeproj */;
			proxyType = 2;
			remoteGlobalIDString = D047261619E49F82006002AA;
			remoteInfo = "ReactiveSwift-iOSTests";
		};
		0AAF999E1FAEA80C00FDC407 /* PBXContainerItemProxy */ = {
			isa = PBXContainerItemProxy;
			containerPortal = 0AAF998C1FAEA80C00FDC407 /* ReactiveSwift.xcodeproj */;
			proxyType = 2;
			remoteGlobalIDString = A9B315541B3940610001CB9C;
			remoteInfo = "ReactiveSwift-watchOS";
		};
		0AAF99A01FAEA80C00FDC407 /* PBXContainerItemProxy */ = {
			isa = PBXContainerItemProxy;
			containerPortal = 0AAF998C1FAEA80C00FDC407 /* ReactiveSwift.xcodeproj */;
			proxyType = 2;
			remoteGlobalIDString = 57A4D2411BA13D7A00F7D4B1;
			remoteInfo = "ReactiveSwift-tvOS";
		};
		0AAF99A21FAEA80C00FDC407 /* PBXContainerItemProxy */ = {
			isa = PBXContainerItemProxy;
			containerPortal = 0AAF998C1FAEA80C00FDC407 /* ReactiveSwift.xcodeproj */;
			proxyType = 2;
			remoteGlobalIDString = 7DFBED031CDB8C9500EE435B;
			remoteInfo = "ReactiveSwift-tvOSTests";
		};
		0AAF99AF1FAEA81D00FDC407 /* PBXContainerItemProxy */ = {
			isa = PBXContainerItemProxy;
			containerPortal = 0AAF99A51FAEA81D00FDC407 /* Result.xcodeproj */;
			proxyType = 2;
			remoteGlobalIDString = D45480571A9572F5009D7229;
			remoteInfo = "Result-Mac";
		};
		0AAF99B11FAEA81D00FDC407 /* PBXContainerItemProxy */ = {
			isa = PBXContainerItemProxy;
			containerPortal = 0AAF99A51FAEA81D00FDC407 /* Result.xcodeproj */;
			proxyType = 2;
			remoteGlobalIDString = D45480671A9572F5009D7229;
			remoteInfo = "Result-MacTests";
		};
		0AAF99B31FAEA81D00FDC407 /* PBXContainerItemProxy */ = {
			isa = PBXContainerItemProxy;
			containerPortal = 0AAF99A51FAEA81D00FDC407 /* Result.xcodeproj */;
			proxyType = 2;
			remoteGlobalIDString = D454807D1A957361009D7229;
			remoteInfo = "Result-iOS";
		};
		0AAF99B51FAEA81D00FDC407 /* PBXContainerItemProxy */ = {
			isa = PBXContainerItemProxy;
			containerPortal = 0AAF99A51FAEA81D00FDC407 /* Result.xcodeproj */;
			proxyType = 2;
			remoteGlobalIDString = D45480871A957362009D7229;
			remoteInfo = "Result-iOSTests";
		};
		0AAF99B71FAEA81D00FDC407 /* PBXContainerItemProxy */ = {
			isa = PBXContainerItemProxy;
			containerPortal = 0AAF99A51FAEA81D00FDC407 /* Result.xcodeproj */;
			proxyType = 2;
			remoteGlobalIDString = 57FCDE471BA280DC00130C48;
			remoteInfo = "Result-tvOS";
		};
		0AAF99B91FAEA81D00FDC407 /* PBXContainerItemProxy */ = {
			isa = PBXContainerItemProxy;
			containerPortal = 0AAF99A51FAEA81D00FDC407 /* Result.xcodeproj */;
			proxyType = 2;
			remoteGlobalIDString = 57FCDE541BA280E000130C48;
			remoteInfo = "Result-tvOSTests";
		};
		0AAF99BB1FAEA81D00FDC407 /* PBXContainerItemProxy */ = {
			isa = PBXContainerItemProxy;
			containerPortal = 0AAF99A51FAEA81D00FDC407 /* Result.xcodeproj */;
			proxyType = 2;
			remoteGlobalIDString = D03579A31B2B788F005D26AE;
			remoteInfo = "Result-watchOS";
		};
/* End PBXContainerItemProxy section */

/* Begin PBXCopyFilesBuildPhase section */
		0AF65FA11F5BA9E30055697C /* Embed Frameworks */ = {
			isa = PBXCopyFilesBuildPhase;
			buildActionMask = 2147483647;
			dstPath = "";
			dstSubfolderSpec = 10;
			files = (
				0AB251701F5BAA2B0075AD12 /* Disk.framework in Embed Frameworks */,
			);
			name = "Embed Frameworks";
			runOnlyForDeploymentPostprocessing = 0;
		};
/* End PBXCopyFilesBuildPhase section */

/* Begin PBXFileReference section */
		0A0515871F257303002FFE45 /* Chuva.app */ = {isa = PBXFileReference; explicitFileType = wrapper.application; includeInIndex = 0; path = Chuva.app; sourceTree = BUILT_PRODUCTS_DIR; };
		0A05158A1F257303002FFE45 /* AppDelegate.swift */ = {isa = PBXFileReference; lastKnownFileType = sourcecode.swift; path = AppDelegate.swift; sourceTree = "<group>"; };
		0A05158C1F257303002FFE45 /* FormListVC.swift */ = {isa = PBXFileReference; lastKnownFileType = sourcecode.swift; path = FormListVC.swift; sourceTree = "<group>"; };
		0A05158F1F257303002FFE45 /* Base */ = {isa = PBXFileReference; lastKnownFileType = file.storyboard; name = Base; path = Base.lproj/Main.storyboard; sourceTree = "<group>"; };
		0A0515911F257303002FFE45 /* Assets.xcassets */ = {isa = PBXFileReference; lastKnownFileType = folder.assetcatalog; path = Assets.xcassets; sourceTree = "<group>"; };
		0A0515941F257303002FFE45 /* Base */ = {isa = PBXFileReference; lastKnownFileType = file.storyboard; name = Base; path = Base.lproj/LaunchScreen.storyboard; sourceTree = "<group>"; };
		0A0515961F257303002FFE45 /* Info.plist */ = {isa = PBXFileReference; lastKnownFileType = text.plist.xml; path = Info.plist; sourceTree = "<group>"; };
		0A05159B1F257303002FFE45 /* ChuvaTests.xctest */ = {isa = PBXFileReference; explicitFileType = wrapper.cfbundle; includeInIndex = 0; path = ChuvaTests.xctest; sourceTree = BUILT_PRODUCTS_DIR; };
		0A05159F1F257303002FFE45 /* ChuvaTests.swift */ = {isa = PBXFileReference; lastKnownFileType = sourcecode.swift; path = ChuvaTests.swift; sourceTree = "<group>"; };
		0A0515A11F257303002FFE45 /* Info.plist */ = {isa = PBXFileReference; lastKnownFileType = text.plist.xml; path = Info.plist; sourceTree = "<group>"; };
		0A0515A61F257303002FFE45 /* ChuvaUITests.xctest */ = {isa = PBXFileReference; explicitFileType = wrapper.cfbundle; includeInIndex = 0; path = ChuvaUITests.xctest; sourceTree = BUILT_PRODUCTS_DIR; };
		0A0515AA1F257303002FFE45 /* ChuvaUITests.swift */ = {isa = PBXFileReference; lastKnownFileType = sourcecode.swift; path = ChuvaUITests.swift; sourceTree = "<group>"; };
		0A0515AC1F257303002FFE45 /* Info.plist */ = {isa = PBXFileReference; lastKnownFileType = text.plist.xml; path = Info.plist; sourceTree = "<group>"; };
		0A102AEB1F57AF1500F0F841 /* CreateFormVC.swift */ = {isa = PBXFileReference; lastKnownFileType = sourcecode.swift; path = CreateFormVC.swift; sourceTree = "<group>"; };
		0A23B8521F4915230034DBEA /* CreateQuestionVC.swift */ = {isa = PBXFileReference; fileEncoding = 4; lastKnownFileType = sourcecode.swift; path = CreateQuestionVC.swift; sourceTree = "<group>"; };
		0A58DC8D1F2E400500087340 /* Answer.swift */ = {isa = PBXFileReference; fileEncoding = 4; lastKnownFileType = sourcecode.swift; path = Answer.swift; sourceTree = "<group>"; };
		0A58DC8E1F2E400500087340 /* Question.swift */ = {isa = PBXFileReference; fileEncoding = 4; lastKnownFileType = sourcecode.swift; path = Question.swift; sourceTree = "<group>"; };
		0A626A9A1F52677100733930 /* Eureka.xcodeproj */ = {isa = PBXFileReference; lastKnownFileType = "wrapper.pb-project"; name = Eureka.xcodeproj; path = ../Eureka/Eureka.xcodeproj; sourceTree = "<group>"; };
		0AAF99711FAEA7ED00FDC407 /* ReactiveCocoa.xcodeproj */ = {isa = PBXFileReference; lastKnownFileType = "wrapper.pb-project"; name = ReactiveCocoa.xcodeproj; path = Carthage/Checkouts/ReactiveCocoa/ReactiveCocoa.xcodeproj; sourceTree = "<group>"; };
		0AAF998C1FAEA80C00FDC407 /* ReactiveSwift.xcodeproj */ = {isa = PBXFileReference; lastKnownFileType = "wrapper.pb-project"; name = ReactiveSwift.xcodeproj; path = Carthage/Checkouts/ReactiveSwift/ReactiveSwift.xcodeproj; sourceTree = "<group>"; };
		0AAF99A51FAEA81D00FDC407 /* Result.xcodeproj */ = {isa = PBXFileReference; lastKnownFileType = "wrapper.pb-project"; name = Result.xcodeproj; path = Carthage/Checkouts/Result/Result.xcodeproj; sourceTree = "<group>"; };
		0AB2516E1F5BAA260075AD12 /* Disk.framework */ = {isa = PBXFileReference; lastKnownFileType = wrapper.framework; name = Disk.framework; path = Carthage/Build/iOS/Disk.framework; sourceTree = "<group>"; };
		0AB251711F5BACAB0075AD12 /* Form.swift */ = {isa = PBXFileReference; lastKnownFileType = sourcecode.swift; path = Form.swift; sourceTree = "<group>"; };
		0AF629CD1F3687BD00CED1E2 /* AnswerProtocols.swift */ = {isa = PBXFileReference; fileEncoding = 4; lastKnownFileType = sourcecode.swift; path = AnswerProtocols.swift; sourceTree = "<group>"; };
		0AF629CF1F3687E300CED1E2 /* QuestionProtocols.swift */ = {isa = PBXFileReference; fileEncoding = 4; lastKnownFileType = sourcecode.swift; path = QuestionProtocols.swift; sourceTree = "<group>"; };
		0AF629D21F36882500CED1E2 /* RowRepresentable.swift */ = {isa = PBXFileReference; fileEncoding = 4; lastKnownFileType = sourcecode.swift; path = RowRepresentable.swift; sourceTree = "<group>"; };
		0AF65F8F1F5B6A900055697C /* Serializable.swift */ = {isa = PBXFileReference; lastKnownFileType = sourcecode.swift; path = Serializable.swift; sourceTree = "<group>"; };
		0AF65F941F5B6F740055697C /* Integer.swift */ = {isa = PBXFileReference; lastKnownFileType = sourcecode.swift; path = Integer.swift; sourceTree = "<group>"; };
		0AF65F961F5B6F7A0055697C /* Decimal.swift */ = {isa = PBXFileReference; lastKnownFileType = sourcecode.swift; path = Decimal.swift; sourceTree = "<group>"; };
		0AF65F981F5B6F7F0055697C /* Text.swift */ = {isa = PBXFileReference; lastKnownFileType = sourcecode.swift; path = Text.swift; sourceTree = "<group>"; };
		0AF65F9A1F5B6F900055697C /* SingleChoice.swift */ = {isa = PBXFileReference; lastKnownFileType = sourcecode.swift; path = SingleChoice.swift; sourceTree = "<group>"; };
		0AF65F9C1F5B6F980055697C /* MultipleChoice.swift */ = {isa = PBXFileReference; lastKnownFileType = sourcecode.swift; path = MultipleChoice.swift; sourceTree = "<group>"; };
/* End PBXFileReference section */

/* Begin PBXFrameworksBuildPhase section */
		0A0515841F257303002FFE45 /* Frameworks */ = {
			isa = PBXFrameworksBuildPhase;
			buildActionMask = 2147483647;
			files = (
				0AAF99BD1FAEA82200FDC407 /* Result.framework in Frameworks */,
				0AAF99A41FAEA81000FDC407 /* ReactiveSwift.framework in Frameworks */,
				0AAF998B1FAEA7F900FDC407 /* ReactiveCocoa.framework in Frameworks */,
				0A626AA31F52677B00733930 /* Eureka.framework in Frameworks */,
				0AB2516F1F5BAA2B0075AD12 /* Disk.framework in Frameworks */,
			);
			runOnlyForDeploymentPostprocessing = 0;
		};
		0A0515981F257303002FFE45 /* Frameworks */ = {
			isa = PBXFrameworksBuildPhase;
			buildActionMask = 2147483647;
			files = (
			);
			runOnlyForDeploymentPostprocessing = 0;
		};
		0A0515A31F257303002FFE45 /* Frameworks */ = {
			isa = PBXFrameworksBuildPhase;
			buildActionMask = 2147483647;
			files = (
			);
			runOnlyForDeploymentPostprocessing = 0;
		};
/* End PBXFrameworksBuildPhase section */

/* Begin PBXGroup section */
		0A05157E1F257303002FFE45 = {
			isa = PBXGroup;
			children = (
				0A0515891F257303002FFE45 /* Chuva */,
				0A05159E1F257303002FFE45 /* ChuvaTests */,
				0A0515A91F257303002FFE45 /* ChuvaUITests */,
				0A0515881F257303002FFE45 /* Products */,
				0A0515B81F257615002FFE45 /* Frameworks */,
			);
			sourceTree = "<group>";
		};
		0A0515881F257303002FFE45 /* Products */ = {
			isa = PBXGroup;
			children = (
				0A0515871F257303002FFE45 /* Chuva.app */,
				0A05159B1F257303002FFE45 /* ChuvaTests.xctest */,
				0A0515A61F257303002FFE45 /* ChuvaUITests.xctest */,
			);
			name = Products;
			sourceTree = "<group>";
		};
		0A0515891F257303002FFE45 /* Chuva */ = {
			isa = PBXGroup;
			children = (
				0A05158A1F257303002FFE45 /* AppDelegate.swift */,
				0ADD9B0C1F525DAE00B1B10D /* Protocols */,
				0ADD9B0D1F525DD000B1B10D /* Models */,
				0ADD9B0E1F525E0500B1B10D /* View Controllers */,
				0ADD9B0F1F525E2200B1B10D /* Storyboards */,
				0A0515911F257303002FFE45 /* Assets.xcassets */,
				0A0515961F257303002FFE45 /* Info.plist */,
			);
			path = Chuva;
			sourceTree = "<group>";
		};
		0A05159E1F257303002FFE45 /* ChuvaTests */ = {
			isa = PBXGroup;
			children = (
				0A05159F1F257303002FFE45 /* ChuvaTests.swift */,
				0A0515A11F257303002FFE45 /* Info.plist */,
			);
			path = ChuvaTests;
			sourceTree = "<group>";
		};
		0A0515A91F257303002FFE45 /* ChuvaUITests */ = {
			isa = PBXGroup;
			children = (
				0A0515AA1F257303002FFE45 /* ChuvaUITests.swift */,
				0A0515AC1F257303002FFE45 /* Info.plist */,
			);
			path = ChuvaUITests;
			sourceTree = "<group>";
		};
		0A0515B81F257615002FFE45 /* Frameworks */ = {
			isa = PBXGroup;
			children = (
				0AAF99A51FAEA81D00FDC407 /* Result.xcodeproj */,
				0AAF998C1FAEA80C00FDC407 /* ReactiveSwift.xcodeproj */,
				0AAF99711FAEA7ED00FDC407 /* ReactiveCocoa.xcodeproj */,
				0AB2516E1F5BAA260075AD12 /* Disk.framework */,
				0A626A9A1F52677100733930 /* Eureka.xcodeproj */,
			);
			name = Frameworks;
			sourceTree = "<group>";
		};
		0A626A9B1F52677100733930 /* Products */ = {
			isa = PBXGroup;
			children = (
				0A626AA01F52677100733930 /* Eureka.framework */,
				0A626AA21F52677100733930 /* EurekaTests.xctest */,
			);
			name = Products;
			sourceTree = "<group>";
		};
		0AAF99721FAEA7ED00FDC407 /* Products */ = {
			isa = PBXGroup;
			children = (
				0AAF997E1FAEA7ED00FDC407 /* ReactiveCocoa.framework */,
				0AAF99801FAEA7ED00FDC407 /* ReactiveCocoaTests.xctest */,
				0AAF99821FAEA7ED00FDC407 /* ReactiveCocoa.framework */,
				0AAF99841FAEA7ED00FDC407 /* ReactiveCocoaTests.xctest */,
				0AAF99861FAEA7ED00FDC407 /* ReactiveCocoa.framework */,
				0AAF99881FAEA7ED00FDC407 /* ReactiveCocoa.framework */,
				0AAF998A1FAEA7ED00FDC407 /* ReactiveCocoaTests.xctest */,
			);
			name = Products;
			sourceTree = "<group>";
		};
		0AAF998D1FAEA80C00FDC407 /* Products */ = {
			isa = PBXGroup;
			children = (
				0AAF99971FAEA80C00FDC407 /* ReactiveSwift.framework */,
				0AAF99991FAEA80C00FDC407 /* ReactiveSwiftTests.xctest */,
				0AAF999B1FAEA80C00FDC407 /* ReactiveSwift.framework */,
				0AAF999D1FAEA80C00FDC407 /* ReactiveSwiftTests.xctest */,
				0AAF999F1FAEA80C00FDC407 /* ReactiveSwift.framework */,
				0AAF99A11FAEA80C00FDC407 /* ReactiveSwift.framework */,
				0AAF99A31FAEA80C00FDC407 /* ReactiveSwiftTests.xctest */,
			);
			name = Products;
			sourceTree = "<group>";
		};
		0AAF99A61FAEA81D00FDC407 /* Products */ = {
			isa = PBXGroup;
			children = (
				0AAF99B01FAEA81D00FDC407 /* Result.framework */,
				0AAF99B21FAEA81D00FDC407 /* Result-MacTests.xctest */,
				0AAF99B41FAEA81D00FDC407 /* Result.framework */,
				0AAF99B61FAEA81D00FDC407 /* Result-iOSTests.xctest */,
				0AAF99B81FAEA81D00FDC407 /* Result.framework */,
				0AAF99BA1FAEA81D00FDC407 /* Result-tvOSTests.xctest */,
				0AAF99BC1FAEA81D00FDC407 /* Result.framework */,
			);
			name = Products;
			sourceTree = "<group>";
		};
		0ADD9B0C1F525DAE00B1B10D /* Protocols */ = {
			isa = PBXGroup;
			children = (
				0AF65F8F1F5B6A900055697C /* Serializable.swift */,
				0AF629D21F36882500CED1E2 /* RowRepresentable.swift */,
				0AF629CD1F3687BD00CED1E2 /* AnswerProtocols.swift */,
				0AF629CF1F3687E300CED1E2 /* QuestionProtocols.swift */,
			);
			path = Protocols;
			sourceTree = "<group>";
		};
		0ADD9B0D1F525DD000B1B10D /* Models */ = {
			isa = PBXGroup;
			children = (
				0AF65F931F5B6F560055697C /* Questions */,
				0A58DC8D1F2E400500087340 /* Answer.swift */,
				0AB251711F5BACAB0075AD12 /* Form.swift */,
			);
			path = Models;
			sourceTree = "<group>";
		};
		0ADD9B0E1F525E0500B1B10D /* View Controllers */ = {
			isa = PBXGroup;
			children = (
				0A05158C1F257303002FFE45 /* FormListVC.swift */,
				0A102AEB1F57AF1500F0F841 /* CreateFormVC.swift */,
				0A23B8521F4915230034DBEA /* CreateQuestionVC.swift */,
			);
			path = "View Controllers";
			sourceTree = "<group>";
		};
		0ADD9B0F1F525E2200B1B10D /* Storyboards */ = {
			isa = PBXGroup;
			children = (
				0A05158E1F257303002FFE45 /* Main.storyboard */,
				0A0515931F257303002FFE45 /* LaunchScreen.storyboard */,
			);
			path = Storyboards;
			sourceTree = "<group>";
		};
		0AF65F931F5B6F560055697C /* Questions */ = {
			isa = PBXGroup;
			children = (
				0A58DC8E1F2E400500087340 /* Question.swift */,
				0AF65F941F5B6F740055697C /* Integer.swift */,
				0AF65F961F5B6F7A0055697C /* Decimal.swift */,
				0AF65F981F5B6F7F0055697C /* Text.swift */,
				0AF65F9A1F5B6F900055697C /* SingleChoice.swift */,
				0AF65F9C1F5B6F980055697C /* MultipleChoice.swift */,
			);
			path = Questions;
			sourceTree = "<group>";
		};
/* End PBXGroup section */

/* Begin PBXNativeTarget section */
		0A0515861F257303002FFE45 /* Chuva */ = {
			isa = PBXNativeTarget;
			buildConfigurationList = 0A0515AF1F257303002FFE45 /* Build configuration list for PBXNativeTarget "Chuva" */;
			buildPhases = (
				0A0515831F257303002FFE45 /* Sources */,
				0A0515841F257303002FFE45 /* Frameworks */,
				0A0515851F257303002FFE45 /* Resources */,
				0AF65FA11F5BA9E30055697C /* Embed Frameworks */,
			);
			buildRules = (
			);
			dependencies = (
			);
			name = Chuva;
			productName = Chuva;
			productReference = 0A0515871F257303002FFE45 /* Chuva.app */;
			productType = "com.apple.product-type.application";
		};
		0A05159A1F257303002FFE45 /* ChuvaTests */ = {
			isa = PBXNativeTarget;
			buildConfigurationList = 0A0515B21F257303002FFE45 /* Build configuration list for PBXNativeTarget "ChuvaTests" */;
			buildPhases = (
				0A0515971F257303002FFE45 /* Sources */,
				0A0515981F257303002FFE45 /* Frameworks */,
				0A0515991F257303002FFE45 /* Resources */,
			);
			buildRules = (
			);
			dependencies = (
				0A05159D1F257303002FFE45 /* PBXTargetDependency */,
			);
			name = ChuvaTests;
			productName = ChuvaTests;
			productReference = 0A05159B1F257303002FFE45 /* ChuvaTests.xctest */;
			productType = "com.apple.product-type.bundle.unit-test";
		};
		0A0515A51F257303002FFE45 /* ChuvaUITests */ = {
			isa = PBXNativeTarget;
			buildConfigurationList = 0A0515B51F257303002FFE45 /* Build configuration list for PBXNativeTarget "ChuvaUITests" */;
			buildPhases = (
				0A0515A21F257303002FFE45 /* Sources */,
				0A0515A31F257303002FFE45 /* Frameworks */,
				0A0515A41F257303002FFE45 /* Resources */,
			);
			buildRules = (
			);
			dependencies = (
				0A0515A81F257303002FFE45 /* PBXTargetDependency */,
			);
			name = ChuvaUITests;
			productName = ChuvaUITests;
			productReference = 0A0515A61F257303002FFE45 /* ChuvaUITests.xctest */;
			productType = "com.apple.product-type.bundle.ui-testing";
		};
/* End PBXNativeTarget section */

/* Begin PBXProject section */
		0A05157F1F257303002FFE45 /* Project object */ = {
			isa = PBXProject;
			attributes = {
				LastSwiftUpdateCheck = 0900;
				LastUpgradeCheck = 0900;
				ORGANIZATIONNAME = Chuva;
				TargetAttributes = {
					0A0515861F257303002FFE45 = {
						CreatedOnToolsVersion = 9.0;
					};
					0A05159A1F257303002FFE45 = {
						CreatedOnToolsVersion = 9.0;
						TestTargetID = 0A0515861F257303002FFE45;
					};
					0A0515A51F257303002FFE45 = {
						CreatedOnToolsVersion = 9.0;
						TestTargetID = 0A0515861F257303002FFE45;
					};
				};
			};
			buildConfigurationList = 0A0515821F257303002FFE45 /* Build configuration list for PBXProject "Chuva" */;
			compatibilityVersion = "Xcode 8.0";
			developmentRegion = en;
			hasScannedForEncodings = 0;
			knownRegions = (
				en,
				Base,
			);
			mainGroup = 0A05157E1F257303002FFE45;
			productRefGroup = 0A0515881F257303002FFE45 /* Products */;
			projectDirPath = "";
			projectReferences = (
				{
					ProductGroup = 0A626A9B1F52677100733930 /* Products */;
					ProjectRef = 0A626A9A1F52677100733930 /* Eureka.xcodeproj */;
				},
				{
					ProductGroup = 0AAF99721FAEA7ED00FDC407 /* Products */;
					ProjectRef = 0AAF99711FAEA7ED00FDC407 /* ReactiveCocoa.xcodeproj */;
				},
				{
					ProductGroup = 0AAF998D1FAEA80C00FDC407 /* Products */;
					ProjectRef = 0AAF998C1FAEA80C00FDC407 /* ReactiveSwift.xcodeproj */;
				},
				{
					ProductGroup = 0AAF99A61FAEA81D00FDC407 /* Products */;
					ProjectRef = 0AAF99A51FAEA81D00FDC407 /* Result.xcodeproj */;
				},
			);
			projectRoot = "";
			targets = (
				0A0515861F257303002FFE45 /* Chuva */,
				0A05159A1F257303002FFE45 /* ChuvaTests */,
				0A0515A51F257303002FFE45 /* ChuvaUITests */,
			);
		};
/* End PBXProject section */

/* Begin PBXReferenceProxy section */
		0A626AA01F52677100733930 /* Eureka.framework */ = {
			isa = PBXReferenceProxy;
			fileType = wrapper.framework;
			path = Eureka.framework;
			remoteRef = 0A626A9F1F52677100733930 /* PBXContainerItemProxy */;
			sourceTree = BUILT_PRODUCTS_DIR;
		};
		0A626AA21F52677100733930 /* EurekaTests.xctest */ = {
			isa = PBXReferenceProxy;
			fileType = wrapper.cfbundle;
			path = EurekaTests.xctest;
			remoteRef = 0A626AA11F52677100733930 /* PBXContainerItemProxy */;
			sourceTree = BUILT_PRODUCTS_DIR;
		};
		0AAF997E1FAEA7ED00FDC407 /* ReactiveCocoa.framework */ = {
			isa = PBXReferenceProxy;
			fileType = wrapper.framework;
			path = ReactiveCocoa.framework;
			remoteRef = 0AAF997D1FAEA7ED00FDC407 /* PBXContainerItemProxy */;
			sourceTree = BUILT_PRODUCTS_DIR;
		};
		0AAF99801FAEA7ED00FDC407 /* ReactiveCocoaTests.xctest */ = {
			isa = PBXReferenceProxy;
			fileType = wrapper.cfbundle;
			path = ReactiveCocoaTests.xctest;
			remoteRef = 0AAF997F1FAEA7ED00FDC407 /* PBXContainerItemProxy */;
			sourceTree = BUILT_PRODUCTS_DIR;
		};
		0AAF99821FAEA7ED00FDC407 /* ReactiveCocoa.framework */ = {
			isa = PBXReferenceProxy;
			fileType = wrapper.framework;
			path = ReactiveCocoa.framework;
			remoteRef = 0AAF99811FAEA7ED00FDC407 /* PBXContainerItemProxy */;
			sourceTree = BUILT_PRODUCTS_DIR;
		};
		0AAF99841FAEA7ED00FDC407 /* ReactiveCocoaTests.xctest */ = {
			isa = PBXReferenceProxy;
			fileType = wrapper.cfbundle;
			path = ReactiveCocoaTests.xctest;
			remoteRef = 0AAF99831FAEA7ED00FDC407 /* PBXContainerItemProxy */;
			sourceTree = BUILT_PRODUCTS_DIR;
		};
		0AAF99861FAEA7ED00FDC407 /* ReactiveCocoa.framework */ = {
			isa = PBXReferenceProxy;
			fileType = wrapper.framework;
			path = ReactiveCocoa.framework;
			remoteRef = 0AAF99851FAEA7ED00FDC407 /* PBXContainerItemProxy */;
			sourceTree = BUILT_PRODUCTS_DIR;
		};
		0AAF99881FAEA7ED00FDC407 /* ReactiveCocoa.framework */ = {
			isa = PBXReferenceProxy;
			fileType = wrapper.framework;
			path = ReactiveCocoa.framework;
			remoteRef = 0AAF99871FAEA7ED00FDC407 /* PBXContainerItemProxy */;
			sourceTree = BUILT_PRODUCTS_DIR;
		};
		0AAF998A1FAEA7ED00FDC407 /* ReactiveCocoaTests.xctest */ = {
			isa = PBXReferenceProxy;
			fileType = wrapper.cfbundle;
			path = ReactiveCocoaTests.xctest;
			remoteRef = 0AAF99891FAEA7ED00FDC407 /* PBXContainerItemProxy */;
			sourceTree = BUILT_PRODUCTS_DIR;
		};
		0AAF99971FAEA80C00FDC407 /* ReactiveSwift.framework */ = {
			isa = PBXReferenceProxy;
			fileType = wrapper.framework;
			path = ReactiveSwift.framework;
			remoteRef = 0AAF99961FAEA80C00FDC407 /* PBXContainerItemProxy */;
			sourceTree = BUILT_PRODUCTS_DIR;
		};
		0AAF99991FAEA80C00FDC407 /* ReactiveSwiftTests.xctest */ = {
			isa = PBXReferenceProxy;
			fileType = wrapper.cfbundle;
			path = ReactiveSwiftTests.xctest;
			remoteRef = 0AAF99981FAEA80C00FDC407 /* PBXContainerItemProxy */;
			sourceTree = BUILT_PRODUCTS_DIR;
		};
		0AAF999B1FAEA80C00FDC407 /* ReactiveSwift.framework */ = {
			isa = PBXReferenceProxy;
			fileType = wrapper.framework;
			path = ReactiveSwift.framework;
			remoteRef = 0AAF999A1FAEA80C00FDC407 /* PBXContainerItemProxy */;
			sourceTree = BUILT_PRODUCTS_DIR;
		};
		0AAF999D1FAEA80C00FDC407 /* ReactiveSwiftTests.xctest */ = {
			isa = PBXReferenceProxy;
			fileType = wrapper.cfbundle;
			path = ReactiveSwiftTests.xctest;
			remoteRef = 0AAF999C1FAEA80C00FDC407 /* PBXContainerItemProxy */;
			sourceTree = BUILT_PRODUCTS_DIR;
		};
		0AAF999F1FAEA80C00FDC407 /* ReactiveSwift.framework */ = {
			isa = PBXReferenceProxy;
			fileType = wrapper.framework;
			path = ReactiveSwift.framework;
			remoteRef = 0AAF999E1FAEA80C00FDC407 /* PBXContainerItemProxy */;
			sourceTree = BUILT_PRODUCTS_DIR;
		};
		0AAF99A11FAEA80C00FDC407 /* ReactiveSwift.framework */ = {
			isa = PBXReferenceProxy;
			fileType = wrapper.framework;
			path = ReactiveSwift.framework;
			remoteRef = 0AAF99A01FAEA80C00FDC407 /* PBXContainerItemProxy */;
			sourceTree = BUILT_PRODUCTS_DIR;
		};
		0AAF99A31FAEA80C00FDC407 /* ReactiveSwiftTests.xctest */ = {
			isa = PBXReferenceProxy;
			fileType = wrapper.cfbundle;
			path = ReactiveSwiftTests.xctest;
			remoteRef = 0AAF99A21FAEA80C00FDC407 /* PBXContainerItemProxy */;
			sourceTree = BUILT_PRODUCTS_DIR;
		};
		0AAF99B01FAEA81D00FDC407 /* Result.framework */ = {
			isa = PBXReferenceProxy;
			fileType = wrapper.framework;
			path = Result.framework;
			remoteRef = 0AAF99AF1FAEA81D00FDC407 /* PBXContainerItemProxy */;
			sourceTree = BUILT_PRODUCTS_DIR;
		};
		0AAF99B21FAEA81D00FDC407 /* Result-MacTests.xctest */ = {
			isa = PBXReferenceProxy;
			fileType = wrapper.cfbundle;
			path = "Result-MacTests.xctest";
			remoteRef = 0AAF99B11FAEA81D00FDC407 /* PBXContainerItemProxy */;
			sourceTree = BUILT_PRODUCTS_DIR;
		};
		0AAF99B41FAEA81D00FDC407 /* Result.framework */ = {
			isa = PBXReferenceProxy;
			fileType = wrapper.framework;
			path = Result.framework;
			remoteRef = 0AAF99B31FAEA81D00FDC407 /* PBXContainerItemProxy */;
			sourceTree = BUILT_PRODUCTS_DIR;
		};
		0AAF99B61FAEA81D00FDC407 /* Result-iOSTests.xctest */ = {
			isa = PBXReferenceProxy;
			fileType = wrapper.cfbundle;
			path = "Result-iOSTests.xctest";
			remoteRef = 0AAF99B51FAEA81D00FDC407 /* PBXContainerItemProxy */;
			sourceTree = BUILT_PRODUCTS_DIR;
		};
		0AAF99B81FAEA81D00FDC407 /* Result.framework */ = {
			isa = PBXReferenceProxy;
			fileType = wrapper.framework;
			path = Result.framework;
			remoteRef = 0AAF99B71FAEA81D00FDC407 /* PBXContainerItemProxy */;
			sourceTree = BUILT_PRODUCTS_DIR;
		};
		0AAF99BA1FAEA81D00FDC407 /* Result-tvOSTests.xctest */ = {
			isa = PBXReferenceProxy;
			fileType = wrapper.cfbundle;
			path = "Result-tvOSTests.xctest";
			remoteRef = 0AAF99B91FAEA81D00FDC407 /* PBXContainerItemProxy */;
			sourceTree = BUILT_PRODUCTS_DIR;
		};
		0AAF99BC1FAEA81D00FDC407 /* Result.framework */ = {
			isa = PBXReferenceProxy;
			fileType = wrapper.framework;
			path = Result.framework;
			remoteRef = 0AAF99BB1FAEA81D00FDC407 /* PBXContainerItemProxy */;
			sourceTree = BUILT_PRODUCTS_DIR;
		};
/* End PBXReferenceProxy section */

/* Begin PBXResourcesBuildPhase section */
		0A0515851F257303002FFE45 /* Resources */ = {
			isa = PBXResourcesBuildPhase;
			buildActionMask = 2147483647;
			files = (
				0A0515951F257303002FFE45 /* LaunchScreen.storyboard in Resources */,
				0A0515921F257303002FFE45 /* Assets.xcassets in Resources */,
				0A0515901F257303002FFE45 /* Main.storyboard in Resources */,
			);
			runOnlyForDeploymentPostprocessing = 0;
		};
		0A0515991F257303002FFE45 /* Resources */ = {
			isa = PBXResourcesBuildPhase;
			buildActionMask = 2147483647;
			files = (
			);
			runOnlyForDeploymentPostprocessing = 0;
		};
		0A0515A41F257303002FFE45 /* Resources */ = {
			isa = PBXResourcesBuildPhase;
			buildActionMask = 2147483647;
			files = (
			);
			runOnlyForDeploymentPostprocessing = 0;
		};
/* End PBXResourcesBuildPhase section */

/* Begin PBXSourcesBuildPhase section */
		0A0515831F257303002FFE45 /* Sources */ = {
			isa = PBXSourcesBuildPhase;
			buildActionMask = 2147483647;
			files = (
				0A58DC8F1F2E400500087340 /* Answer.swift in Sources */,
				0AF629D01F3687E300CED1E2 /* QuestionProtocols.swift in Sources */,
				0A58DC901F2E400500087340 /* Question.swift in Sources */,
				0AF65F971F5B6F7A0055697C /* Decimal.swift in Sources */,
				0AF629D31F36882500CED1E2 /* RowRepresentable.swift in Sources */,
				0AF629CE1F3687BD00CED1E2 /* AnswerProtocols.swift in Sources */,
				0A05158D1F257303002FFE45 /* FormListVC.swift in Sources */,
				0AF65F921F5B6A900055697C /* Serializable.swift in Sources */,
				0AF65F9B1F5B6F900055697C /* SingleChoice.swift in Sources */,
				0AB251721F5BACAB0075AD12 /* Form.swift in Sources */,
				0AF65F9D1F5B6F980055697C /* MultipleChoice.swift in Sources */,
				0AF65F991F5B6F7F0055697C /* Text.swift in Sources */,
				0A102AEC1F57AF1500F0F841 /* CreateFormVC.swift in Sources */,
				0A23B8531F4915240034DBEA /* CreateQuestionVC.swift in Sources */,
				0AF65F951F5B6F740055697C /* Integer.swift in Sources */,
				0A05158B1F257303002FFE45 /* AppDelegate.swift in Sources */,
			);
			runOnlyForDeploymentPostprocessing = 0;
		};
		0A0515971F257303002FFE45 /* Sources */ = {
			isa = PBXSourcesBuildPhase;
			buildActionMask = 2147483647;
			files = (
				0A0515A01F257303002FFE45 /* ChuvaTests.swift in Sources */,
			);
			runOnlyForDeploymentPostprocessing = 0;
		};
		0A0515A21F257303002FFE45 /* Sources */ = {
			isa = PBXSourcesBuildPhase;
			buildActionMask = 2147483647;
			files = (
				0A0515AB1F257303002FFE45 /* ChuvaUITests.swift in Sources */,
			);
			runOnlyForDeploymentPostprocessing = 0;
		};
/* End PBXSourcesBuildPhase section */

/* Begin PBXTargetDependency section */
		0A05159D1F257303002FFE45 /* PBXTargetDependency */ = {
			isa = PBXTargetDependency;
			target = 0A0515861F257303002FFE45 /* Chuva */;
			targetProxy = 0A05159C1F257303002FFE45 /* PBXContainerItemProxy */;
		};
		0A0515A81F257303002FFE45 /* PBXTargetDependency */ = {
			isa = PBXTargetDependency;
			target = 0A0515861F257303002FFE45 /* Chuva */;
			targetProxy = 0A0515A71F257303002FFE45 /* PBXContainerItemProxy */;
		};
/* End PBXTargetDependency section */

/* Begin PBXVariantGroup section */
		0A05158E1F257303002FFE45 /* Main.storyboard */ = {
			isa = PBXVariantGroup;
			children = (
				0A05158F1F257303002FFE45 /* Base */,
			);
			name = Main.storyboard;
			sourceTree = "<group>";
		};
		0A0515931F257303002FFE45 /* LaunchScreen.storyboard */ = {
			isa = PBXVariantGroup;
			children = (
				0A0515941F257303002FFE45 /* Base */,
			);
			name = LaunchScreen.storyboard;
			sourceTree = "<group>";
		};
/* End PBXVariantGroup section */

/* Begin XCBuildConfiguration section */
		0A0515AD1F257303002FFE45 /* Debug */ = {
			isa = XCBuildConfiguration;
			buildSettings = {
				ALWAYS_SEARCH_USER_PATHS = NO;
				CLANG_ANALYZER_NONNULL = YES;
				CLANG_ANALYZER_NUMBER_OBJECT_CONVERSION = YES_AGGRESSIVE;
				CLANG_CXX_LANGUAGE_STANDARD = "gnu++14";
				CLANG_CXX_LIBRARY = "libc++";
				CLANG_ENABLE_MODULES = YES;
				CLANG_ENABLE_OBJC_ARC = YES;
				CLANG_WARN_BLOCK_CAPTURE_AUTORELEASING = YES;
				CLANG_WARN_BOOL_CONVERSION = YES;
				CLANG_WARN_COMMA = YES;
				CLANG_WARN_CONSTANT_CONVERSION = YES;
				CLANG_WARN_DIRECT_OBJC_ISA_USAGE = YES_ERROR;
				CLANG_WARN_DOCUMENTATION_COMMENTS = YES;
				CLANG_WARN_EMPTY_BODY = YES;
				CLANG_WARN_ENUM_CONVERSION = YES;
				CLANG_WARN_INFINITE_RECURSION = YES;
				CLANG_WARN_INT_CONVERSION = YES;
				CLANG_WARN_NON_LITERAL_NULL_CONVERSION = YES;
				CLANG_WARN_OBJC_LITERAL_CONVERSION = YES;
				CLANG_WARN_OBJC_ROOT_CLASS = YES_ERROR;
				CLANG_WARN_RANGE_LOOP_ANALYSIS = YES;
				CLANG_WARN_STRICT_PROTOTYPES = YES;
				CLANG_WARN_SUSPICIOUS_MOVE = YES;
				CLANG_WARN_UNGUARDED_AVAILABILITY = YES_AGGRESSIVE;
				CLANG_WARN_UNREACHABLE_CODE = YES;
				CLANG_WARN__DUPLICATE_METHOD_MATCH = YES;
				CODE_SIGN_IDENTITY = "iPhone Developer";
				COPY_PHASE_STRIP = NO;
				DEBUG_INFORMATION_FORMAT = dwarf;
				ENABLE_STRICT_OBJC_MSGSEND = YES;
				ENABLE_TESTABILITY = YES;
				GCC_C_LANGUAGE_STANDARD = gnu11;
				GCC_DYNAMIC_NO_PIC = NO;
				GCC_NO_COMMON_BLOCKS = YES;
				GCC_OPTIMIZATION_LEVEL = 0;
				GCC_PREPROCESSOR_DEFINITIONS = (
					"DEBUG=1",
					"$(inherited)",
				);
				GCC_WARN_64_TO_32_BIT_CONVERSION = YES;
				GCC_WARN_ABOUT_RETURN_TYPE = YES_ERROR;
				GCC_WARN_UNDECLARED_SELECTOR = YES;
				GCC_WARN_UNINITIALIZED_AUTOS = YES_AGGRESSIVE;
				GCC_WARN_UNUSED_FUNCTION = YES;
				GCC_WARN_UNUSED_VARIABLE = YES;
				IPHONEOS_DEPLOYMENT_TARGET = 11.0;
				MTL_ENABLE_DEBUG_INFO = YES;
				ONLY_ACTIVE_ARCH = YES;
				SDKROOT = iphoneos11.0;
				SWIFT_ACTIVE_COMPILATION_CONDITIONS = DEBUG;
				SWIFT_OPTIMIZATION_LEVEL = "-Onone";
				SWIFT_VERSION = 4.0;
			};
			name = Debug;
		};
		0A0515AE1F257303002FFE45 /* Release */ = {
			isa = XCBuildConfiguration;
			buildSettings = {
				ALWAYS_SEARCH_USER_PATHS = NO;
				CLANG_ANALYZER_NONNULL = YES;
				CLANG_ANALYZER_NUMBER_OBJECT_CONVERSION = YES_AGGRESSIVE;
				CLANG_CXX_LANGUAGE_STANDARD = "gnu++14";
				CLANG_CXX_LIBRARY = "libc++";
				CLANG_ENABLE_MODULES = YES;
				CLANG_ENABLE_OBJC_ARC = YES;
				CLANG_WARN_BLOCK_CAPTURE_AUTORELEASING = YES;
				CLANG_WARN_BOOL_CONVERSION = YES;
				CLANG_WARN_COMMA = YES;
				CLANG_WARN_CONSTANT_CONVERSION = YES;
				CLANG_WARN_DIRECT_OBJC_ISA_USAGE = YES_ERROR;
				CLANG_WARN_DOCUMENTATION_COMMENTS = YES;
				CLANG_WARN_EMPTY_BODY = YES;
				CLANG_WARN_ENUM_CONVERSION = YES;
				CLANG_WARN_INFINITE_RECURSION = YES;
				CLANG_WARN_INT_CONVERSION = YES;
				CLANG_WARN_NON_LITERAL_NULL_CONVERSION = YES;
				CLANG_WARN_OBJC_LITERAL_CONVERSION = YES;
				CLANG_WARN_OBJC_ROOT_CLASS = YES_ERROR;
				CLANG_WARN_RANGE_LOOP_ANALYSIS = YES;
				CLANG_WARN_STRICT_PROTOTYPES = YES;
				CLANG_WARN_SUSPICIOUS_MOVE = YES;
				CLANG_WARN_UNGUARDED_AVAILABILITY = YES_AGGRESSIVE;
				CLANG_WARN_UNREACHABLE_CODE = YES;
				CLANG_WARN__DUPLICATE_METHOD_MATCH = YES;
				CODE_SIGN_IDENTITY = "iPhone Developer";
				COPY_PHASE_STRIP = NO;
				DEBUG_INFORMATION_FORMAT = "dwarf-with-dsym";
				ENABLE_NS_ASSERTIONS = NO;
				ENABLE_STRICT_OBJC_MSGSEND = YES;
				GCC_C_LANGUAGE_STANDARD = gnu11;
				GCC_NO_COMMON_BLOCKS = YES;
				GCC_WARN_64_TO_32_BIT_CONVERSION = YES;
				GCC_WARN_ABOUT_RETURN_TYPE = YES_ERROR;
				GCC_WARN_UNDECLARED_SELECTOR = YES;
				GCC_WARN_UNINITIALIZED_AUTOS = YES_AGGRESSIVE;
				GCC_WARN_UNUSED_FUNCTION = YES;
				GCC_WARN_UNUSED_VARIABLE = YES;
				IPHONEOS_DEPLOYMENT_TARGET = 11.0;
				MTL_ENABLE_DEBUG_INFO = NO;
				SDKROOT = iphoneos11.0;
				SWIFT_OPTIMIZATION_LEVEL = "-Owholemodule";
				SWIFT_VERSION = 4.0;
				VALIDATE_PRODUCT = YES;
			};
			name = Release;
		};
		0A0515B01F257303002FFE45 /* Debug */ = {
			isa = XCBuildConfiguration;
			buildSettings = {
				ASSETCATALOG_COMPILER_APPICON_NAME = AppIcon;
				DEVELOPMENT_TEAM = NC8JXL2H35;
				FRAMEWORK_SEARCH_PATHS = (
					"$(inherited)",
					"$(PROJECT_DIR)/Carthage/Build/iOS",
				);
				INFOPLIST_FILE = Chuva/Info.plist;
				IPHONEOS_DEPLOYMENT_TARGET = 9.0;
				LD_RUNPATH_SEARCH_PATHS = "$(inherited) @executable_path/Frameworks";
				PRODUCT_BUNDLE_IDENTIFIER = io.chuva.develop.Chuva;
				PRODUCT_NAME = "$(TARGET_NAME)";
				SWIFT_VERSION = 4.0;
				TARGETED_DEVICE_FAMILY = "1,2";
			};
			name = Debug;
		};
		0A0515B11F257303002FFE45 /* Release */ = {
			isa = XCBuildConfiguration;
			buildSettings = {
				ASSETCATALOG_COMPILER_APPICON_NAME = AppIcon;
				DEVELOPMENT_TEAM = NC8JXL2H35;
				FRAMEWORK_SEARCH_PATHS = (
					"$(inherited)",
					"$(PROJECT_DIR)/Carthage/Build/iOS",
				);
				INFOPLIST_FILE = Chuva/Info.plist;
				IPHONEOS_DEPLOYMENT_TARGET = 9.0;
				LD_RUNPATH_SEARCH_PATHS = "$(inherited) @executable_path/Frameworks";
				PRODUCT_BUNDLE_IDENTIFIER = io.chuva.develop.Chuva;
				PRODUCT_NAME = "$(TARGET_NAME)";
				SWIFT_VERSION = 4.0;
				TARGETED_DEVICE_FAMILY = "1,2";
			};
			name = Release;
		};
		0A0515B31F257303002FFE45 /* Debug */ = {
			isa = XCBuildConfiguration;
			buildSettings = {
				ALWAYS_EMBED_SWIFT_STANDARD_LIBRARIES = YES;
				BUNDLE_LOADER = "$(TEST_HOST)";
				DEVELOPMENT_TEAM = NC8JXL2H35;
				INFOPLIST_FILE = ChuvaTests/Info.plist;
				IPHONEOS_DEPLOYMENT_TARGET = 9.0;
				LD_RUNPATH_SEARCH_PATHS = "$(inherited) @executable_path/Frameworks @loader_path/Frameworks";
				PRODUCT_BUNDLE_IDENTIFIER = io.chuva.develop.ChuvaTests;
				PRODUCT_NAME = "$(TARGET_NAME)";
				SWIFT_VERSION = 3.0;
				TARGETED_DEVICE_FAMILY = "1,2";
				TEST_HOST = "$(BUILT_PRODUCTS_DIR)/Chuva.app/Chuva";
			};
			name = Debug;
		};
		0A0515B41F257303002FFE45 /* Release */ = {
			isa = XCBuildConfiguration;
			buildSettings = {
				ALWAYS_EMBED_SWIFT_STANDARD_LIBRARIES = YES;
				BUNDLE_LOADER = "$(TEST_HOST)";
				DEVELOPMENT_TEAM = NC8JXL2H35;
				INFOPLIST_FILE = ChuvaTests/Info.plist;
				IPHONEOS_DEPLOYMENT_TARGET = 9.0;
				LD_RUNPATH_SEARCH_PATHS = "$(inherited) @executable_path/Frameworks @loader_path/Frameworks";
				PRODUCT_BUNDLE_IDENTIFIER = io.chuva.develop.ChuvaTests;
				PRODUCT_NAME = "$(TARGET_NAME)";
				SWIFT_VERSION = 3.0;
				TARGETED_DEVICE_FAMILY = "1,2";
				TEST_HOST = "$(BUILT_PRODUCTS_DIR)/Chuva.app/Chuva";
			};
			name = Release;
		};
		0A0515B61F257303002FFE45 /* Debug */ = {
			isa = XCBuildConfiguration;
			buildSettings = {
				ALWAYS_EMBED_SWIFT_STANDARD_LIBRARIES = YES;
				DEVELOPMENT_TEAM = NC8JXL2H35;
				INFOPLIST_FILE = ChuvaUITests/Info.plist;
				IPHONEOS_DEPLOYMENT_TARGET = 9.0;
				LD_RUNPATH_SEARCH_PATHS = "$(inherited) @executable_path/Frameworks @loader_path/Frameworks";
				PRODUCT_BUNDLE_IDENTIFIER = io.chuva.develop.ChuvaUITests;
				PRODUCT_NAME = "$(TARGET_NAME)";
				SWIFT_VERSION = 3.0;
				TARGETED_DEVICE_FAMILY = "1,2";
				TEST_TARGET_NAME = Chuva;
			};
			name = Debug;
		};
		0A0515B71F257303002FFE45 /* Release */ = {
			isa = XCBuildConfiguration;
			buildSettings = {
				ALWAYS_EMBED_SWIFT_STANDARD_LIBRARIES = YES;
				DEVELOPMENT_TEAM = NC8JXL2H35;
				INFOPLIST_FILE = ChuvaUITests/Info.plist;
				IPHONEOS_DEPLOYMENT_TARGET = 9.0;
				LD_RUNPATH_SEARCH_PATHS = "$(inherited) @executable_path/Frameworks @loader_path/Frameworks";
				PRODUCT_BUNDLE_IDENTIFIER = io.chuva.develop.ChuvaUITests;
				PRODUCT_NAME = "$(TARGET_NAME)";
				SWIFT_VERSION = 3.0;
				TARGETED_DEVICE_FAMILY = "1,2";
				TEST_TARGET_NAME = Chuva;
			};
			name = Release;
		};
/* End XCBuildConfiguration section */

/* Begin XCConfigurationList section */
		0A0515821F257303002FFE45 /* Build configuration list for PBXProject "Chuva" */ = {
			isa = XCConfigurationList;
			buildConfigurations = (
				0A0515AD1F257303002FFE45 /* Debug */,
				0A0515AE1F257303002FFE45 /* Release */,
			);
			defaultConfigurationIsVisible = 0;
			defaultConfigurationName = Release;
		};
		0A0515AF1F257303002FFE45 /* Build configuration list for PBXNativeTarget "Chuva" */ = {
			isa = XCConfigurationList;
			buildConfigurations = (
				0A0515B01F257303002FFE45 /* Debug */,
				0A0515B11F257303002FFE45 /* Release */,
			);
			defaultConfigurationIsVisible = 0;
			defaultConfigurationName = Release;
		};
		0A0515B21F257303002FFE45 /* Build configuration list for PBXNativeTarget "ChuvaTests" */ = {
			isa = XCConfigurationList;
			buildConfigurations = (
				0A0515B31F257303002FFE45 /* Debug */,
				0A0515B41F257303002FFE45 /* Release */,
			);
			defaultConfigurationIsVisible = 0;
			defaultConfigurationName = Release;
		};
		0A0515B51F257303002FFE45 /* Build configuration list for PBXNativeTarget "ChuvaUITests" */ = {
			isa = XCConfigurationList;
			buildConfigurations = (
				0A0515B61F257303002FFE45 /* Debug */,
				0A0515B71F257303002FFE45 /* Release */,
			);
			defaultConfigurationIsVisible = 0;
			defaultConfigurationName = Release;
		};
/* End XCConfigurationList section */
	};
	rootObject = 0A05157F1F257303002FFE45 /* Project object */;
}
