// !$*UTF8*$!
{
	archiveVersion = 1;
	classes = {
	};
	objectVersion = 48;
	objects = {

/* Begin PBXBuildFile section */
		0A05158B1F257303002FFE45 /* AppDelegate.swift in Sources */ = {isa = PBXBuildFile; fileRef = 0A05158A1F257303002FFE45 /* AppDelegate.swift */; };
		0A05158D1F257303002FFE45 /* FormListVC.swift in Sources */ = {isa = PBXBuildFile; fileRef = 0A05158C1F257303002FFE45 /* FormListVC.swift */; };
		0A0515901F257303002FFE45 /* Main.storyboard in Resources */ = {isa = PBXBuildFile; fileRef = 0A05158E1F257303002FFE45 /* Main.storyboard */; };
		0A0515921F257303002FFE45 /* Assets.xcassets in Resources */ = {isa = PBXBuildFile; fileRef = 0A0515911F257303002FFE45 /* Assets.xcassets */; };
		0A0515951F257303002FFE45 /* LaunchScreen.storyboard in Resources */ = {isa = PBXBuildFile; fileRef = 0A0515931F257303002FFE45 /* LaunchScreen.storyboard */; };
		0A0515A01F257303002FFE45 /* ChuvaTests.swift in Sources */ = {isa = PBXBuildFile; fileRef = 0A05159F1F257303002FFE45 /* ChuvaTests.swift */; };
		0A0515AB1F257303002FFE45 /* ChuvaUITests.swift in Sources */ = {isa = PBXBuildFile; fileRef = 0A0515AA1F257303002FFE45 /* ChuvaUITests.swift */; };
		0A102AEC1F57AF1500F0F841 /* CreateFormVC.swift in Sources */ = {isa = PBXBuildFile; fileRef = 0A102AEB1F57AF1500F0F841 /* CreateFormVC.swift */; };
		0A23B8531F4915240034DBEA /* CreateQuestionVC.swift in Sources */ = {isa = PBXBuildFile; fileRef = 0A23B8521F4915230034DBEA /* CreateQuestionVC.swift */; };
		0A58DC8F1F2E400500087340 /* Answer.swift in Sources */ = {isa = PBXBuildFile; fileRef = 0A58DC8D1F2E400500087340 /* Answer.swift */; };
		0A58DC901F2E400500087340 /* Question.swift in Sources */ = {isa = PBXBuildFile; fileRef = 0A58DC8E1F2E400500087340 /* Question.swift */; };
		0A5D6EB81FB155690097B194 /* Chameleon.framework in Frameworks */ = {isa = PBXBuildFile; fileRef = 0AA1C3651FAFFB9200009CD2 /* Chameleon.framework */; };
		0A5D6EBA1FB155690097B194 /* ReactiveCocoa.framework in Frameworks */ = {isa = PBXBuildFile; fileRef = 0AAF99821FAEA7ED00FDC407 /* ReactiveCocoa.framework */; };
		0A5D6EBB1FB155690097B194 /* ReactiveSwift.framework in Frameworks */ = {isa = PBXBuildFile; fileRef = 0AAF999B1FAEA80C00FDC407 /* ReactiveSwift.framework */; };
		0A5D6EBC1FB155690097B194 /* Result.framework in Frameworks */ = {isa = PBXBuildFile; fileRef = 0AAF99B41FAEA81D00FDC407 /* Result.framework */; };
		0A5D6F321FB1557A0097B194 /* Disk.framework in Frameworks */ = {isa = PBXBuildFile; fileRef = 0A5D6F2C1FB155730097B194 /* Disk.framework */; };
		0A7404A61FAEB3850099E245 /* InlineTextField.swift in Sources */ = {isa = PBXBuildFile; fileRef = 0A7404A41FAEB3850099E245 /* InlineTextField.swift */; };
		0A7404A71FAEB3850099E245 /* InlineTextField.xib in Resources */ = {isa = PBXBuildFile; fileRef = 0A7404A51FAEB3850099E245 /* InlineTextField.xib */; };
		0A7404AE1FAEB67A0099E245 /* TextFieldViewModel.swift in Sources */ = {isa = PBXBuildFile; fileRef = 0A7404AD1FAEB67A0099E245 /* TextFieldViewModel.swift */; };
		0A7B6E011FB55269003B31DD /* TextField.swift in Sources */ = {isa = PBXBuildFile; fileRef = 0A7B6DFF1FB55269003B31DD /* TextField.swift */; };
		0A7B6E021FB55269003B31DD /* TextField.xib in Resources */ = {isa = PBXBuildFile; fileRef = 0A7B6E001FB55269003B31DD /* TextField.xib */; };
		0A7B6E051FB5548E003B31DD /* InlineTextFieldViewModel.swift in Sources */ = {isa = PBXBuildFile; fileRef = 0A7B6E041FB5548E003B31DD /* InlineTextFieldViewModel.swift */; };
		0AB251721F5BACAB0075AD12 /* Form.swift in Sources */ = {isa = PBXBuildFile; fileRef = 0AB251711F5BACAB0075AD12 /* Form.swift */; };
		0AF629CE1F3687BD00CED1E2 /* AnswerProtocols.swift in Sources */ = {isa = PBXBuildFile; fileRef = 0AF629CD1F3687BD00CED1E2 /* AnswerProtocols.swift */; };
		0AF629D01F3687E300CED1E2 /* QuestionProtocols.swift in Sources */ = {isa = PBXBuildFile; fileRef = 0AF629CF1F3687E300CED1E2 /* QuestionProtocols.swift */; };
		0AF629D31F36882500CED1E2 /* RowRepresentable.swift in Sources */ = {isa = PBXBuildFile; fileRef = 0AF629D21F36882500CED1E2 /* RowRepresentable.swift */; };
		0AF65F921F5B6A900055697C /* Serializable.swift in Sources */ = {isa = PBXBuildFile; fileRef = 0AF65F8F1F5B6A900055697C /* Serializable.swift */; };
		0AF65F951F5B6F740055697C /* Integer.swift in Sources */ = {isa = PBXBuildFile; fileRef = 0AF65F941F5B6F740055697C /* Integer.swift */; };
		0AF65F971F5B6F7A0055697C /* Decimal.swift in Sources */ = {isa = PBXBuildFile; fileRef = 0AF65F961F5B6F7A0055697C /* Decimal.swift */; };
		0AF65F991F5B6F7F0055697C /* Text.swift in Sources */ = {isa = PBXBuildFile; fileRef = 0AF65F981F5B6F7F0055697C /* Text.swift */; };
		0AF65F9B1F5B6F900055697C /* SingleChoice.swift in Sources */ = {isa = PBXBuildFile; fileRef = 0AF65F9A1F5B6F900055697C /* SingleChoice.swift */; };
		0AF65F9D1F5B6F980055697C /* MultipleChoice.swift in Sources */ = {isa = PBXBuildFile; fileRef = 0AF65F9C1F5B6F980055697C /* MultipleChoice.swift */; };
/* End PBXBuildFile section */

/* Begin PBXContainerItemProxy section */
		0A05159C1F257303002FFE45 /* PBXContainerItemProxy */ = {
			isa = PBXContainerItemProxy;
			containerPortal = 0A05157F1F257303002FFE45 /* Project object */;
			proxyType = 1;
			remoteGlobalIDString = 0A0515861F257303002FFE45;
			remoteInfo = Chuva;
		};
		0A0515A71F257303002FFE45 /* PBXContainerItemProxy */ = {
			isa = PBXContainerItemProxy;
			containerPortal = 0A05157F1F257303002FFE45 /* Project object */;
			proxyType = 1;
			remoteGlobalIDString = 0A0515861F257303002FFE45;
			remoteInfo = Chuva;
		};
		0A5D6F2B1FB155730097B194 /* PBXContainerItemProxy */ = {
			isa = PBXContainerItemProxy;
			containerPortal = 0A5D6F011FB155730097B194 /* Disk.xcodeproj */;
			proxyType = 2;
			remoteGlobalIDString = 10F3C6E11F23D984006D42EF;
			remoteInfo = Disk;
		};
		0A5D6F2D1FB155730097B194 /* PBXContainerItemProxy */ = {
			isa = PBXContainerItemProxy;
			containerPortal = 0A5D6F011FB155730097B194 /* Disk.xcodeproj */;
			proxyType = 2;
			remoteGlobalIDString = 10F3C6EA1F23D984006D42EF;
			remoteInfo = DiskTests;
		};
		0A5D6F301FB155730097B194 /* PBXContainerItemProxy */ = {
			isa = PBXContainerItemProxy;
			containerPortal = 0A5D6F101FB155730097B194 /* DiskExample.xcodeproj */;
			proxyType = 2;
			remoteGlobalIDString = 109256641F248E8800B3C32A;
			remoteInfo = DiskExample;
		};
		0AA1C3641FAFFB9200009CD2 /* PBXContainerItemProxy */ = {
			isa = PBXContainerItemProxy;
			containerPortal = 0AA1C35C1FAFFB9100009CD2 /* Chameleon.xcodeproj */;
			proxyType = 2;
			remoteGlobalIDString = 240093F81BB4517400932727;
			remoteInfo = Chameleon;
		};
		0AA1C3661FAFFB9200009CD2 /* PBXContainerItemProxy */ = {
			isa = PBXContainerItemProxy;
			containerPortal = 0AA1C35C1FAFFB9100009CD2 /* Chameleon.xcodeproj */;
			proxyType = 2;
			remoteGlobalIDString = 247EB8A71BB61EB3009B4904;
			remoteInfo = ChameleonDemo;
		};
		0AA1C3681FAFFB9200009CD2 /* PBXContainerItemProxy */ = {
			isa = PBXContainerItemProxy;
			containerPortal = 0AA1C35C1FAFFB9100009CD2 /* Chameleon.xcodeproj */;
			proxyType = 2;
			remoteGlobalIDString = 0C8DABB11C07B5EA00B28FE2;
			remoteInfo = "ChameleonDemo-Objc";
		};
		0AA1C36A1FAFFB9200009CD2 /* PBXContainerItemProxy */ = {
			isa = PBXContainerItemProxy;
			containerPortal = 0AA1C35C1FAFFB9100009CD2 /* Chameleon.xcodeproj */;
			proxyType = 2;
			remoteGlobalIDString = 0C8A5DE31D8D4B7D00B71D95;
			remoteInfo = "ChameleonExtension-ObjC";
		};
		0AA1C36C1FAFFB9200009CD2 /* PBXContainerItemProxy */ = {
			isa = PBXContainerItemProxy;
			containerPortal = 0AA1C35C1FAFFB9100009CD2 /* Chameleon.xcodeproj */;
			proxyType = 2;
			remoteGlobalIDString = 0C8A5DF91D8D54EF00B71D95;
			remoteInfo = ChameleonExtension;
		};
		0AAF997D1FAEA7ED00FDC407 /* PBXContainerItemProxy */ = {
			isa = PBXContainerItemProxy;
			containerPortal = 0AAF99711FAEA7ED00FDC407 /* ReactiveCocoa.xcodeproj */;
			proxyType = 2;
			remoteGlobalIDString = D04725EA19E49ED7006002AA;
			remoteInfo = "ReactiveCocoa-macOS";
		};
		0AAF997F1FAEA7ED00FDC407 /* PBXContainerItemProxy */ = {
			isa = PBXContainerItemProxy;
			containerPortal = 0AAF99711FAEA7ED00FDC407 /* ReactiveCocoa.xcodeproj */;
			proxyType = 2;
			remoteGlobalIDString = D04725F519E49ED7006002AA;
			remoteInfo = "ReactiveCocoa-macOSTests";
		};
		0AAF99811FAEA7ED00FDC407 /* PBXContainerItemProxy */ = {
			isa = PBXContainerItemProxy;
			containerPortal = 0AAF99711FAEA7ED00FDC407 /* ReactiveCocoa.xcodeproj */;
			proxyType = 2;
			remoteGlobalIDString = D047260C19E49F82006002AA;
			remoteInfo = "ReactiveCocoa-iOS";
		};
		0AAF99831FAEA7ED00FDC407 /* PBXContainerItemProxy */ = {
			isa = PBXContainerItemProxy;
			containerPortal = 0AAF99711FAEA7ED00FDC407 /* ReactiveCocoa.xcodeproj */;
			proxyType = 2;
			remoteGlobalIDString = D047261619E49F82006002AA;
			remoteInfo = "ReactiveCocoa-iOSTests";
		};
		0AAF99851FAEA7ED00FDC407 /* PBXContainerItemProxy */ = {
			isa = PBXContainerItemProxy;
			containerPortal = 0AAF99711FAEA7ED00FDC407 /* ReactiveCocoa.xcodeproj */;
			proxyType = 2;
			remoteGlobalIDString = A9B315541B3940610001CB9C;
			remoteInfo = "ReactiveCocoa-watchOS";
		};
		0AAF99871FAEA7ED00FDC407 /* PBXContainerItemProxy */ = {
			isa = PBXContainerItemProxy;
			containerPortal = 0AAF99711FAEA7ED00FDC407 /* ReactiveCocoa.xcodeproj */;
			proxyType = 2;
			remoteGlobalIDString = 57A4D2411BA13D7A00F7D4B1;
			remoteInfo = "ReactiveCocoa-tvOS";
		};
		0AAF99891FAEA7ED00FDC407 /* PBXContainerItemProxy */ = {
			isa = PBXContainerItemProxy;
			containerPortal = 0AAF99711FAEA7ED00FDC407 /* ReactiveCocoa.xcodeproj */;
			proxyType = 2;
			remoteGlobalIDString = 7DFBED031CDB8C9500EE435B;
			remoteInfo = "ReactiveCocoa-tvOSTests";
		};
		0AAF99961FAEA80C00FDC407 /* PBXContainerItemProxy */ = {
			isa = PBXContainerItemProxy;
			containerPortal = 0AAF998C1FAEA80C00FDC407 /* ReactiveSwift.xcodeproj */;
			proxyType = 2;
			remoteGlobalIDString = D04725EA19E49ED7006002AA;
			remoteInfo = "ReactiveSwift-macOS";
		};
		0AAF99981FAEA80C00FDC407 /* PBXContainerItemProxy */ = {
			isa = PBXContainerItemProxy;
			containerPortal = 0AAF998C1FAEA80C00FDC407 /* ReactiveSwift.xcodeproj */;
			proxyType = 2;
			remoteGlobalIDString = D04725F519E49ED7006002AA;
			remoteInfo = "ReactiveSwift-macOSTests";
		};
		0AAF999A1FAEA80C00FDC407 /* PBXContainerItemProxy */ = {
			isa = PBXContainerItemProxy;
			containerPortal = 0AAF998C1FAEA80C00FDC407 /* ReactiveSwift.xcodeproj */;
			proxyType = 2;
			remoteGlobalIDString = D047260C19E49F82006002AA;
			remoteInfo = "ReactiveSwift-iOS";
		};
		0AAF999C1FAEA80C00FDC407 /* PBXContainerItemProxy */ = {
			isa = PBXContainerItemProxy;
			containerPortal = 0AAF998C1FAEA80C00FDC407 /* ReactiveSwift.xcodeproj */;
			proxyType = 2;
			remoteGlobalIDString = D047261619E49F82006002AA;
			remoteInfo = "ReactiveSwift-iOSTests";
		};
		0AAF999E1FAEA80C00FDC407 /* PBXContainerItemProxy */ = {
			isa = PBXContainerItemProxy;
			containerPortal = 0AAF998C1FAEA80C00FDC407 /* ReactiveSwift.xcodeproj */;
			proxyType = 2;
			remoteGlobalIDString = A9B315541B3940610001CB9C;
			remoteInfo = "ReactiveSwift-watchOS";
		};
		0AAF99A01FAEA80C00FDC407 /* PBXContainerItemProxy */ = {
			isa = PBXContainerItemProxy;
			containerPortal = 0AAF998C1FAEA80C00FDC407 /* ReactiveSwift.xcodeproj */;
			proxyType = 2;
			remoteGlobalIDString = 57A4D2411BA13D7A00F7D4B1;
			remoteInfo = "ReactiveSwift-tvOS";
		};
		0AAF99A21FAEA80C00FDC407 /* PBXContainerItemProxy */ = {
			isa = PBXContainerItemProxy;
			containerPortal = 0AAF998C1FAEA80C00FDC407 /* ReactiveSwift.xcodeproj */;
			proxyType = 2;
			remoteGlobalIDString = 7DFBED031CDB8C9500EE435B;
			remoteInfo = "ReactiveSwift-tvOSTests";
		};
		0AAF99AF1FAEA81D00FDC407 /* PBXContainerItemProxy */ = {
			isa = PBXContainerItemProxy;
			containerPortal = 0AAF99A51FAEA81D00FDC407 /* Result.xcodeproj */;
			proxyType = 2;
			remoteGlobalIDString = D45480571A9572F5009D7229;
			remoteInfo = "Result-Mac";
		};
		0AAF99B11FAEA81D00FDC407 /* PBXContainerItemProxy */ = {
			isa = PBXContainerItemProxy;
			containerPortal = 0AAF99A51FAEA81D00FDC407 /* Result.xcodeproj */;
			proxyType = 2;
			remoteGlobalIDString = D45480671A9572F5009D7229;
			remoteInfo = "Result-MacTests";
		};
		0AAF99B31FAEA81D00FDC407 /* PBXContainerItemProxy */ = {
			isa = PBXContainerItemProxy;
			containerPortal = 0AAF99A51FAEA81D00FDC407 /* Result.xcodeproj */;
			proxyType = 2;
			remoteGlobalIDString = D454807D1A957361009D7229;
			remoteInfo = "Result-iOS";
		};
		0AAF99B51FAEA81D00FDC407 /* PBXContainerItemProxy */ = {
			isa = PBXContainerItemProxy;
			containerPortal = 0AAF99A51FAEA81D00FDC407 /* Result.xcodeproj */;
			proxyType = 2;
			remoteGlobalIDString = D45480871A957362009D7229;
			remoteInfo = "Result-iOSTests";
		};
		0AAF99B71FAEA81D00FDC407 /* PBXContainerItemProxy */ = {
			isa = PBXContainerItemProxy;
			containerPortal = 0AAF99A51FAEA81D00FDC407 /* Result.xcodeproj */;
			proxyType = 2;
			remoteGlobalIDString = 57FCDE471BA280DC00130C48;
			remoteInfo = "Result-tvOS";
		};
		0AAF99B91FAEA81D00FDC407 /* PBXContainerItemProxy */ = {
			isa = PBXContainerItemProxy;
			containerPortal = 0AAF99A51FAEA81D00FDC407 /* Result.xcodeproj */;
			proxyType = 2;
			remoteGlobalIDString = 57FCDE541BA280E000130C48;
			remoteInfo = "Result-tvOSTests";
		};
		0AAF99BB1FAEA81D00FDC407 /* PBXContainerItemProxy */ = {
			isa = PBXContainerItemProxy;
			containerPortal = 0AAF99A51FAEA81D00FDC407 /* Result.xcodeproj */;
			proxyType = 2;
			remoteGlobalIDString = D03579A31B2B788F005D26AE;
			remoteInfo = "Result-watchOS";
		};
/* End PBXContainerItemProxy section */

/* Begin PBXFileReference section */
		0A0515871F257303002FFE45 /* Chuva.app */ = {isa = PBXFileReference; explicitFileType = wrapper.application; includeInIndex = 0; path = Chuva.app; sourceTree = BUILT_PRODUCTS_DIR; };
		0A05158A1F257303002FFE45 /* AppDelegate.swift */ = {isa = PBXFileReference; lastKnownFileType = sourcecode.swift; path = AppDelegate.swift; sourceTree = "<group>"; };
		0A05158C1F257303002FFE45 /* FormListVC.swift */ = {isa = PBXFileReference; lastKnownFileType = sourcecode.swift; path = FormListVC.swift; sourceTree = "<group>"; };
		0A05158F1F257303002FFE45 /* Base */ = {isa = PBXFileReference; lastKnownFileType = file.storyboard; name = Base; path = Base.lproj/Main.storyboard; sourceTree = "<group>"; };
		0A0515911F257303002FFE45 /* Assets.xcassets */ = {isa = PBXFileReference; lastKnownFileType = folder.assetcatalog; path = Assets.xcassets; sourceTree = "<group>"; };
		0A0515941F257303002FFE45 /* Base */ = {isa = PBXFileReference; lastKnownFileType = file.storyboard; name = Base; path = Base.lproj/LaunchScreen.storyboard; sourceTree = "<group>"; };
		0A0515961F257303002FFE45 /* Info.plist */ = {isa = PBXFileReference; lastKnownFileType = text.plist.xml; path = Info.plist; sourceTree = "<group>"; };
		0A05159B1F257303002FFE45 /* ChuvaTests.xctest */ = {isa = PBXFileReference; explicitFileType = wrapper.cfbundle; includeInIndex = 0; path = ChuvaTests.xctest; sourceTree = BUILT_PRODUCTS_DIR; };
		0A05159F1F257303002FFE45 /* ChuvaTests.swift */ = {isa = PBXFileReference; lastKnownFileType = sourcecode.swift; path = ChuvaTests.swift; sourceTree = "<group>"; };
		0A0515A11F257303002FFE45 /* Info.plist */ = {isa = PBXFileReference; lastKnownFileType = text.plist.xml; path = Info.plist; sourceTree = "<group>"; };
		0A0515A61F257303002FFE45 /* ChuvaUITests.xctest */ = {isa = PBXFileReference; explicitFileType = wrapper.cfbundle; includeInIndex = 0; path = ChuvaUITests.xctest; sourceTree = BUILT_PRODUCTS_DIR; };
		0A0515AA1F257303002FFE45 /* ChuvaUITests.swift */ = {isa = PBXFileReference; lastKnownFileType = sourcecode.swift; path = ChuvaUITests.swift; sourceTree = "<group>"; };
		0A0515AC1F257303002FFE45 /* Info.plist */ = {isa = PBXFileReference; lastKnownFileType = text.plist.xml; path = Info.plist; sourceTree = "<group>"; };
		0A102AEB1F57AF1500F0F841 /* CreateFormVC.swift */ = {isa = PBXFileReference; lastKnownFileType = sourcecode.swift; path = CreateFormVC.swift; sourceTree = "<group>"; };
		0A23B8521F4915230034DBEA /* CreateQuestionVC.swift */ = {isa = PBXFileReference; fileEncoding = 4; lastKnownFileType = sourcecode.swift; path = CreateQuestionVC.swift; sourceTree = "<group>"; };
		0A58DC8D1F2E400500087340 /* Answer.swift */ = {isa = PBXFileReference; fileEncoding = 4; lastKnownFileType = sourcecode.swift; path = Answer.swift; sourceTree = "<group>"; };
		0A58DC8E1F2E400500087340 /* Question.swift */ = {isa = PBXFileReference; fileEncoding = 4; lastKnownFileType = sourcecode.swift; path = Question.swift; sourceTree = "<group>"; };
		0A5D6EBE1FB155730097B194 /* .gitignore */ = {isa = PBXFileReference; lastKnownFileType = text; path = .gitignore; sourceTree = "<group>"; };
		0A5D6EBF1FB155730097B194 /* .swift-version */ = {isa = PBXFileReference; lastKnownFileType = text; path = ".swift-version"; sourceTree = "<group>"; };
		0A5D6EC21FB155730097B194 /* .Chameleon.version */ = {isa = PBXFileReference; lastKnownFileType = text; path = .Chameleon.version; sourceTree = "<group>"; };
		0A5D6EC31FB155730097B194 /* .Disk.version */ = {isa = PBXFileReference; lastKnownFileType = text; path = .Disk.version; sourceTree = "<group>"; };
		0A5D6EC41FB155730097B194 /* .Eureka.version */ = {isa = PBXFileReference; lastKnownFileType = text; path = .Eureka.version; sourceTree = "<group>"; };
		0A5D6EC51FB155730097B194 /* .ReactiveCocoa.version */ = {isa = PBXFileReference; lastKnownFileType = text; path = .ReactiveCocoa.version; sourceTree = "<group>"; };
		0A5D6EC61FB155730097B194 /* .ReactiveSwift.version */ = {isa = PBXFileReference; lastKnownFileType = text; path = .ReactiveSwift.version; sourceTree = "<group>"; };
		0A5D6EC71FB155730097B194 /* .Result.version */ = {isa = PBXFileReference; lastKnownFileType = text; path = .Result.version; sourceTree = "<group>"; };
		0A5D6EC91FB155730097B194 /* 032F6230-B3A8-3D8D-B7A6-4023B500280D.bcsymbolmap */ = {isa = PBXFileReference; lastKnownFileType = text; path = "032F6230-B3A8-3D8D-B7A6-4023B500280D.bcsymbolmap"; sourceTree = "<group>"; };
		0A5D6ECA1FB155730097B194 /* 1BEC0494-3CBD-39DD-A42E-F974A422A721.bcsymbolmap */ = {isa = PBXFileReference; lastKnownFileType = text; path = "1BEC0494-3CBD-39DD-A42E-F974A422A721.bcsymbolmap"; sourceTree = "<group>"; };
		0A5D6ECB1FB155730097B194 /* 284DDEC7-E8DF-3501-8387-2EF9E0C17278.bcsymbolmap */ = {isa = PBXFileReference; lastKnownFileType = text; path = "284DDEC7-E8DF-3501-8387-2EF9E0C17278.bcsymbolmap"; sourceTree = "<group>"; };
		0A5D6ECC1FB155730097B194 /* 3443E3F7-9049-3259-9D33-F5EA11C94FC8.bcsymbolmap */ = {isa = PBXFileReference; lastKnownFileType = text; path = "3443E3F7-9049-3259-9D33-F5EA11C94FC8.bcsymbolmap"; sourceTree = "<group>"; };
		0A5D6ECD1FB155730097B194 /* 37E570F9-525C-3740-8243-86279E42234A.bcsymbolmap */ = {isa = PBXFileReference; lastKnownFileType = text; path = "37E570F9-525C-3740-8243-86279E42234A.bcsymbolmap"; sourceTree = "<group>"; };
		0A5D6ECE1FB155730097B194 /* 61119BD5-F06D-3A74-AFD0-617BD08E0643.bcsymbolmap */ = {isa = PBXFileReference; lastKnownFileType = text; path = "61119BD5-F06D-3A74-AFD0-617BD08E0643.bcsymbolmap"; sourceTree = "<group>"; };
		0A5D6ECF1FB155730097B194 /* 73E93E45-94C1-3611-9F98-7D85CE4D19BB.bcsymbolmap */ = {isa = PBXFileReference; lastKnownFileType = text; path = "73E93E45-94C1-3611-9F98-7D85CE4D19BB.bcsymbolmap"; sourceTree = "<group>"; };
		0A5D6ED01FB155730097B194 /* 84AE25AF-FCF6-36E7-9102-9EB9256DB369.bcsymbolmap */ = {isa = PBXFileReference; lastKnownFileType = text; path = "84AE25AF-FCF6-36E7-9102-9EB9256DB369.bcsymbolmap"; sourceTree = "<group>"; };
		0A5D6ED11FB155730097B194 /* 866720D1-DA2F-32BA-9475-5D693EC72D24.bcsymbolmap */ = {isa = PBXFileReference; lastKnownFileType = text; path = "866720D1-DA2F-32BA-9475-5D693EC72D24.bcsymbolmap"; sourceTree = "<group>"; };
		0A5D6ED21FB155730097B194 /* 9CFA1E6F-91AB-3339-88A0-159AF7AC2227.bcsymbolmap */ = {isa = PBXFileReference; lastKnownFileType = text; path = "9CFA1E6F-91AB-3339-88A0-159AF7AC2227.bcsymbolmap"; sourceTree = "<group>"; };
		0A5D6ED31FB155730097B194 /* AE8C0E39-21C6-371B-9D45-C57622C72951.bcsymbolmap */ = {isa = PBXFileReference; lastKnownFileType = text; path = "AE8C0E39-21C6-371B-9D45-C57622C72951.bcsymbolmap"; sourceTree = "<group>"; };
		0A5D6ED41FB155730097B194 /* Chameleon.framework */ = {isa = PBXFileReference; lastKnownFileType = wrapper.framework; path = Chameleon.framework; sourceTree = "<group>"; };
		0A5D6ED51FB155730097B194 /* Chameleon.framework.dSYM */ = {isa = PBXFileReference; lastKnownFileType = wrapper.dsym; path = Chameleon.framework.dSYM; sourceTree = "<group>"; };
		0A5D6ED61FB155730097B194 /* DE016F7B-A19B-3B44-B29D-F349E0E6B6AB.bcsymbolmap */ = {isa = PBXFileReference; lastKnownFileType = text; path = "DE016F7B-A19B-3B44-B29D-F349E0E6B6AB.bcsymbolmap"; sourceTree = "<group>"; };
		0A5D6ED71FB155730097B194 /* Disk.framework */ = {isa = PBXFileReference; lastKnownFileType = wrapper.framework; path = Disk.framework; sourceTree = "<group>"; };
		0A5D6ED81FB155730097B194 /* Disk.framework.dSYM */ = {isa = PBXFileReference; lastKnownFileType = wrapper.dsym; path = Disk.framework.dSYM; sourceTree = "<group>"; };
		0A5D6ED91FB155730097B194 /* E31CA256-959A-38F0-A582-8F2FD034332C.bcsymbolmap */ = {isa = PBXFileReference; lastKnownFileType = text; path = "E31CA256-959A-38F0-A582-8F2FD034332C.bcsymbolmap"; sourceTree = "<group>"; };
		0A5D6EDA1FB155730097B194 /* Eureka.framework */ = {isa = PBXFileReference; lastKnownFileType = wrapper.framework; path = Eureka.framework; sourceTree = "<group>"; };
		0A5D6EDB1FB155730097B194 /* Eureka.framework.dSYM */ = {isa = PBXFileReference; lastKnownFileType = wrapper.dsym; path = Eureka.framework.dSYM; sourceTree = "<group>"; };
		0A5D6EDC1FB155730097B194 /* F747E949-787E-3772-898D-69252940E6AE.bcsymbolmap */ = {isa = PBXFileReference; lastKnownFileType = text; path = "F747E949-787E-3772-898D-69252940E6AE.bcsymbolmap"; sourceTree = "<group>"; };
		0A5D6EDD1FB155730097B194 /* F8B0E604-EE28-3827-8E93-5B90AA22CB4E.bcsymbolmap */ = {isa = PBXFileReference; lastKnownFileType = text; path = "F8B0E604-EE28-3827-8E93-5B90AA22CB4E.bcsymbolmap"; sourceTree = "<group>"; };
		0A5D6EDE1FB155730097B194 /* FACA0AEA-53D8-3664-878A-F9C2F79A2194.bcsymbolmap */ = {isa = PBXFileReference; lastKnownFileType = text; path = "FACA0AEA-53D8-3664-878A-F9C2F79A2194.bcsymbolmap"; sourceTree = "<group>"; };
		0A5D6EDF1FB155730097B194 /* ReactiveCocoa.framework */ = {isa = PBXFileReference; lastKnownFileType = wrapper.framework; path = ReactiveCocoa.framework; sourceTree = "<group>"; };
		0A5D6EE01FB155730097B194 /* ReactiveCocoa.framework.dSYM */ = {isa = PBXFileReference; lastKnownFileType = wrapper.dsym; path = ReactiveCocoa.framework.dSYM; sourceTree = "<group>"; };
		0A5D6EE11FB155730097B194 /* ReactiveSwift.framework */ = {isa = PBXFileReference; lastKnownFileType = wrapper.framework; path = ReactiveSwift.framework; sourceTree = "<group>"; };
		0A5D6EE21FB155730097B194 /* ReactiveSwift.framework.dSYM */ = {isa = PBXFileReference; lastKnownFileType = wrapper.dsym; path = ReactiveSwift.framework.dSYM; sourceTree = "<group>"; };
		0A5D6EE31FB155730097B194 /* Result.framework */ = {isa = PBXFileReference; lastKnownFileType = wrapper.framework; path = Result.framework; sourceTree = "<group>"; };
		0A5D6EE41FB155730097B194 /* Result.framework.dSYM */ = {isa = PBXFileReference; lastKnownFileType = wrapper.dsym; path = Result.framework.dSYM; sourceTree = "<group>"; };
		0A5D6EE61FB155730097B194 /* ReactiveCocoa.framework */ = {isa = PBXFileReference; lastKnownFileType = wrapper.framework; path = ReactiveCocoa.framework; sourceTree = "<group>"; };
		0A5D6EE71FB155730097B194 /* ReactiveCocoa.framework.dSYM */ = {isa = PBXFileReference; lastKnownFileType = wrapper.dsym; path = ReactiveCocoa.framework.dSYM; sourceTree = "<group>"; };
		0A5D6EE81FB155730097B194 /* ReactiveSwift.framework */ = {isa = PBXFileReference; lastKnownFileType = wrapper.framework; path = ReactiveSwift.framework; sourceTree = "<group>"; };
		0A5D6EE91FB155730097B194 /* ReactiveSwift.framework.dSYM */ = {isa = PBXFileReference; lastKnownFileType = wrapper.dsym; path = ReactiveSwift.framework.dSYM; sourceTree = "<group>"; };
		0A5D6EEA1FB155730097B194 /* Result.framework */ = {isa = PBXFileReference; lastKnownFileType = wrapper.framework; path = Result.framework; sourceTree = "<group>"; };
		0A5D6EEB1FB155730097B194 /* Result.framework.dSYM */ = {isa = PBXFileReference; lastKnownFileType = wrapper.dsym; path = Result.framework.dSYM; sourceTree = "<group>"; };
		0A5D6EED1FB155730097B194 /* 1B30358F-A2FA-3A8A-87DC-997957047562.bcsymbolmap */ = {isa = PBXFileReference; lastKnownFileType = text; path = "1B30358F-A2FA-3A8A-87DC-997957047562.bcsymbolmap"; sourceTree = "<group>"; };
		0A5D6EEE1FB155730097B194 /* 1F9A6EE1-BA2E-3C41-ABD7-D39689539103.bcsymbolmap */ = {isa = PBXFileReference; lastKnownFileType = text; path = "1F9A6EE1-BA2E-3C41-ABD7-D39689539103.bcsymbolmap"; sourceTree = "<group>"; };
		0A5D6EEF1FB155730097B194 /* 20E1AF65-9EBB-3EBA-B82E-87E4790C73F5.bcsymbolmap */ = {isa = PBXFileReference; lastKnownFileType = text; path = "20E1AF65-9EBB-3EBA-B82E-87E4790C73F5.bcsymbolmap"; sourceTree = "<group>"; };
		0A5D6EF01FB155730097B194 /* ReactiveCocoa.framework */ = {isa = PBXFileReference; lastKnownFileType = wrapper.framework; path = ReactiveCocoa.framework; sourceTree = "<group>"; };
		0A5D6EF11FB155730097B194 /* ReactiveCocoa.framework.dSYM */ = {isa = PBXFileReference; lastKnownFileType = wrapper.dsym; path = ReactiveCocoa.framework.dSYM; sourceTree = "<group>"; };
		0A5D6EF21FB155730097B194 /* ReactiveSwift.framework */ = {isa = PBXFileReference; lastKnownFileType = wrapper.framework; path = ReactiveSwift.framework; sourceTree = "<group>"; };
		0A5D6EF31FB155730097B194 /* ReactiveSwift.framework.dSYM */ = {isa = PBXFileReference; lastKnownFileType = wrapper.dsym; path = ReactiveSwift.framework.dSYM; sourceTree = "<group>"; };
		0A5D6EF41FB155730097B194 /* Result.framework */ = {isa = PBXFileReference; lastKnownFileType = wrapper.framework; path = Result.framework; sourceTree = "<group>"; };
		0A5D6EF51FB155730097B194 /* Result.framework.dSYM */ = {isa = PBXFileReference; lastKnownFileType = wrapper.dsym; path = Result.framework.dSYM; sourceTree = "<group>"; };
		0A5D6EF71FB155730097B194 /* 2AECA255-2299-3FDD-BB1D-F260A822A288.bcsymbolmap */ = {isa = PBXFileReference; lastKnownFileType = text; path = "2AECA255-2299-3FDD-BB1D-F260A822A288.bcsymbolmap"; sourceTree = "<group>"; };
		0A5D6EF81FB155730097B194 /* E06D4C42-EA19-3C24-9ADD-8753FBA91911.bcsymbolmap */ = {isa = PBXFileReference; lastKnownFileType = text; path = "E06D4C42-EA19-3C24-9ADD-8753FBA91911.bcsymbolmap"; sourceTree = "<group>"; };
		0A5D6EF91FB155730097B194 /* E969AD91-8205-3D27-908A-185E2A44D6C3.bcsymbolmap */ = {isa = PBXFileReference; lastKnownFileType = text; path = "E969AD91-8205-3D27-908A-185E2A44D6C3.bcsymbolmap"; sourceTree = "<group>"; };
		0A5D6EFA1FB155730097B194 /* ReactiveCocoa.framework */ = {isa = PBXFileReference; lastKnownFileType = wrapper.framework; path = ReactiveCocoa.framework; sourceTree = "<group>"; };
		0A5D6EFB1FB155730097B194 /* ReactiveCocoa.framework.dSYM */ = {isa = PBXFileReference; lastKnownFileType = wrapper.dsym; path = ReactiveCocoa.framework.dSYM; sourceTree = "<group>"; };
		0A5D6EFC1FB155730097B194 /* ReactiveSwift.framework */ = {isa = PBXFileReference; lastKnownFileType = wrapper.framework; path = ReactiveSwift.framework; sourceTree = "<group>"; };
		0A5D6EFD1FB155730097B194 /* ReactiveSwift.framework.dSYM */ = {isa = PBXFileReference; lastKnownFileType = wrapper.dsym; path = ReactiveSwift.framework.dSYM; sourceTree = "<group>"; };
		0A5D6EFE1FB155730097B194 /* Result.framework */ = {isa = PBXFileReference; lastKnownFileType = wrapper.framework; path = Result.framework; sourceTree = "<group>"; };
		0A5D6EFF1FB155730097B194 /* Result.framework.dSYM */ = {isa = PBXFileReference; lastKnownFileType = wrapper.dsym; path = Result.framework.dSYM; sourceTree = "<group>"; };
		0A5D6F001FB155730097B194 /* Disk.podspec */ = {isa = PBXFileReference; lastKnownFileType = text; path = Disk.podspec; sourceTree = "<group>"; };
		0A5D6F011FB155730097B194 /* Disk.xcodeproj */ = {isa = PBXFileReference; lastKnownFileType = "wrapper.pb-project"; path = Disk.xcodeproj; sourceTree = "<group>"; };
		0A5D6F041FB155730097B194 /* Disk.xcworkspace */ = {isa = PBXFileReference; lastKnownFileType = wrapper.workspace; path = Disk.xcworkspace; sourceTree = "<group>"; };
		0A5D6F071FB155730097B194 /* AppDelegate.swift */ = {isa = PBXFileReference; lastKnownFileType = sourcecode.swift; path = AppDelegate.swift; sourceTree = "<group>"; };
		0A5D6F081FB155730097B194 /* Assets.xcassets */ = {isa = PBXFileReference; lastKnownFileType = folder.assetcatalog; path = Assets.xcassets; sourceTree = "<group>"; };
		0A5D6F0A1FB155730097B194 /* Base */ = {isa = PBXFileReference; lastKnownFileType = file.storyboard; name = Base; path = Base.lproj/LaunchScreen.storyboard; sourceTree = "<group>"; };
		0A5D6F0C1FB155730097B194 /* Base */ = {isa = PBXFileReference; lastKnownFileType = file.storyboard; name = Base; path = Base.lproj/Main.storyboard; sourceTree = "<group>"; };
		0A5D6F0D1FB155730097B194 /* Info.plist */ = {isa = PBXFileReference; lastKnownFileType = text.plist.xml; path = Info.plist; sourceTree = "<group>"; };
		0A5D6F0E1FB155730097B194 /* Post.swift */ = {isa = PBXFileReference; lastKnownFileType = sourcecode.swift; path = Post.swift; sourceTree = "<group>"; };
		0A5D6F0F1FB155730097B194 /* ViewController.swift */ = {isa = PBXFileReference; lastKnownFileType = sourcecode.swift; path = ViewController.swift; sourceTree = "<group>"; };
		0A5D6F101FB155730097B194 /* DiskExample.xcodeproj */ = {isa = PBXFileReference; lastKnownFileType = "wrapper.pb-project"; path = DiskExample.xcodeproj; sourceTree = "<group>"; };
		0A5D6F131FB155730097B194 /* LICENSE */ = {isa = PBXFileReference; lastKnownFileType = text; path = LICENSE; sourceTree = "<group>"; };
		0A5D6F141FB155730097B194 /* Package.swift */ = {isa = PBXFileReference; lastKnownFileType = sourcecode.swift; path = Package.swift; sourceTree = "<group>"; };
		0A5D6F151FB155730097B194 /* README.md */ = {isa = PBXFileReference; lastKnownFileType = net.daringfireball.markdown; path = README.md; sourceTree = "<group>"; };
		0A5D6F171FB155730097B194 /* Disk+[Data].swift */ = {isa = PBXFileReference; lastKnownFileType = sourcecode.swift; path = "Disk+[Data].swift"; sourceTree = "<group>"; };
		0A5D6F181FB155730097B194 /* Disk+[UIImage].swift */ = {isa = PBXFileReference; lastKnownFileType = sourcecode.swift; path = "Disk+[UIImage].swift"; sourceTree = "<group>"; };
		0A5D6F191FB155730097B194 /* Disk+Codable.swift */ = {isa = PBXFileReference; lastKnownFileType = sourcecode.swift; path = "Disk+Codable.swift"; sourceTree = "<group>"; };
		0A5D6F1A1FB155730097B194 /* Disk+Data.swift */ = {isa = PBXFileReference; lastKnownFileType = sourcecode.swift; path = "Disk+Data.swift"; sourceTree = "<group>"; };
		0A5D6F1B1FB155730097B194 /* Disk+Errors.swift */ = {isa = PBXFileReference; lastKnownFileType = sourcecode.swift; path = "Disk+Errors.swift"; sourceTree = "<group>"; };
		0A5D6F1C1FB155730097B194 /* Disk+Helpers.swift */ = {isa = PBXFileReference; lastKnownFileType = sourcecode.swift; path = "Disk+Helpers.swift"; sourceTree = "<group>"; };
		0A5D6F1D1FB155730097B194 /* Disk+InternalHelpers.swift */ = {isa = PBXFileReference; lastKnownFileType = sourcecode.swift; path = "Disk+InternalHelpers.swift"; sourceTree = "<group>"; };
		0A5D6F1E1FB155730097B194 /* Disk+UIImage.swift */ = {isa = PBXFileReference; lastKnownFileType = sourcecode.swift; path = "Disk+UIImage.swift"; sourceTree = "<group>"; };
		0A5D6F1F1FB155730097B194 /* Disk+VolumeInformation.swift */ = {isa = PBXFileReference; lastKnownFileType = sourcecode.swift; path = "Disk+VolumeInformation.swift"; sourceTree = "<group>"; };
		0A5D6F201FB155730097B194 /* Disk.h */ = {isa = PBXFileReference; lastKnownFileType = sourcecode.c.h; path = Disk.h; sourceTree = "<group>"; };
		0A5D6F211FB155730097B194 /* Disk.swift */ = {isa = PBXFileReference; lastKnownFileType = sourcecode.swift; path = Disk.swift; sourceTree = "<group>"; };
		0A5D6F221FB155730097B194 /* Info.plist */ = {isa = PBXFileReference; lastKnownFileType = text.plist.xml; path = Info.plist; sourceTree = "<group>"; };
		0A5D6F241FB155730097B194 /* DiskTests.swift */ = {isa = PBXFileReference; lastKnownFileType = sourcecode.swift; path = DiskTests.swift; sourceTree = "<group>"; };
		0A5D6F251FB155730097B194 /* Images.xcassets */ = {isa = PBXFileReference; lastKnownFileType = folder.assetcatalog; path = Images.xcassets; sourceTree = "<group>"; };
		0A5D6F261FB155730097B194 /* Info.plist */ = {isa = PBXFileReference; lastKnownFileType = text.plist.xml; path = Info.plist; sourceTree = "<group>"; };
		0A5D6F271FB155730097B194 /* Message.swift */ = {isa = PBXFileReference; lastKnownFileType = sourcecode.swift; path = Message.swift; sourceTree = "<group>"; };
		0A5D6F281FB155730097B194 /* UIImage+Extension.swift */ = {isa = PBXFileReference; lastKnownFileType = sourcecode.swift; path = "UIImage+Extension.swift"; sourceTree = "<group>"; };
		0A7404A41FAEB3850099E245 /* InlineTextField.swift */ = {isa = PBXFileReference; fileEncoding = 4; lastKnownFileType = sourcecode.swift; path = InlineTextField.swift; sourceTree = "<group>"; };
		0A7404A51FAEB3850099E245 /* InlineTextField.xib */ = {isa = PBXFileReference; fileEncoding = 4; lastKnownFileType = file.xib; path = InlineTextField.xib; sourceTree = "<group>"; };
		0A7404AD1FAEB67A0099E245 /* TextFieldViewModel.swift */ = {isa = PBXFileReference; lastKnownFileType = sourcecode.swift; path = TextFieldViewModel.swift; sourceTree = "<group>"; };
		0A7B6DFF1FB55269003B31DD /* TextField.swift */ = {isa = PBXFileReference; fileEncoding = 4; lastKnownFileType = sourcecode.swift; path = TextField.swift; sourceTree = "<group>"; };
		0A7B6E001FB55269003B31DD /* TextField.xib */ = {isa = PBXFileReference; fileEncoding = 4; lastKnownFileType = file.xib; path = TextField.xib; sourceTree = "<group>"; };
		0A7B6E041FB5548E003B31DD /* InlineTextFieldViewModel.swift */ = {isa = PBXFileReference; fileEncoding = 4; lastKnownFileType = sourcecode.swift; path = InlineTextFieldViewModel.swift; sourceTree = "<group>"; };
		0AA1C35C1FAFFB9100009CD2 /* Chameleon.xcodeproj */ = {isa = PBXFileReference; lastKnownFileType = "wrapper.pb-project"; name = Chameleon.xcodeproj; path = Carthage/Checkouts/Chameleon/Chameleon.xcodeproj; sourceTree = "<group>"; };
		0AAF99711FAEA7ED00FDC407 /* ReactiveCocoa.xcodeproj */ = {isa = PBXFileReference; lastKnownFileType = "wrapper.pb-project"; name = ReactiveCocoa.xcodeproj; path = Carthage/Checkouts/ReactiveCocoa/ReactiveCocoa.xcodeproj; sourceTree = "<group>"; };
		0AAF998C1FAEA80C00FDC407 /* ReactiveSwift.xcodeproj */ = {isa = PBXFileReference; lastKnownFileType = "wrapper.pb-project"; name = ReactiveSwift.xcodeproj; path = Carthage/Checkouts/ReactiveSwift/ReactiveSwift.xcodeproj; sourceTree = "<group>"; };
		0AAF99A51FAEA81D00FDC407 /* Result.xcodeproj */ = {isa = PBXFileReference; lastKnownFileType = "wrapper.pb-project"; name = Result.xcodeproj; path = Carthage/Checkouts/Result/Result.xcodeproj; sourceTree = "<group>"; };
		0AB2516E1F5BAA260075AD12 /* Disk.framework */ = {isa = PBXFileReference; lastKnownFileType = wrapper.framework; name = Disk.framework; path = Carthage/Build/iOS/Disk.framework; sourceTree = "<group>"; };
		0AB251711F5BACAB0075AD12 /* Form.swift */ = {isa = PBXFileReference; lastKnownFileType = sourcecode.swift; path = Form.swift; sourceTree = "<group>"; };
		0AF629CD1F3687BD00CED1E2 /* AnswerProtocols.swift */ = {isa = PBXFileReference; fileEncoding = 4; lastKnownFileType = sourcecode.swift; path = AnswerProtocols.swift; sourceTree = "<group>"; };
		0AF629CF1F3687E300CED1E2 /* QuestionProtocols.swift */ = {isa = PBXFileReference; fileEncoding = 4; lastKnownFileType = sourcecode.swift; path = QuestionProtocols.swift; sourceTree = "<group>"; };
		0AF629D21F36882500CED1E2 /* RowRepresentable.swift */ = {isa = PBXFileReference; fileEncoding = 4; lastKnownFileType = sourcecode.swift; path = RowRepresentable.swift; sourceTree = "<group>"; };
		0AF65F8F1F5B6A900055697C /* Serializable.swift */ = {isa = PBXFileReference; lastKnownFileType = sourcecode.swift; path = Serializable.swift; sourceTree = "<group>"; };
		0AF65F941F5B6F740055697C /* Integer.swift */ = {isa = PBXFileReference; lastKnownFileType = sourcecode.swift; path = Integer.swift; sourceTree = "<group>"; };
		0AF65F961F5B6F7A0055697C /* Decimal.swift */ = {isa = PBXFileReference; lastKnownFileType = sourcecode.swift; path = Decimal.swift; sourceTree = "<group>"; };
		0AF65F981F5B6F7F0055697C /* Text.swift */ = {isa = PBXFileReference; lastKnownFileType = sourcecode.swift; path = Text.swift; sourceTree = "<group>"; };
		0AF65F9A1F5B6F900055697C /* SingleChoice.swift */ = {isa = PBXFileReference; lastKnownFileType = sourcecode.swift; path = SingleChoice.swift; sourceTree = "<group>"; };
		0AF65F9C1F5B6F980055697C /* MultipleChoice.swift */ = {isa = PBXFileReference; lastKnownFileType = sourcecode.swift; path = MultipleChoice.swift; sourceTree = "<group>"; };
/* End PBXFileReference section */

/* Begin PBXFrameworksBuildPhase section */
		0A0515841F257303002FFE45 /* Frameworks */ = {
			isa = PBXFrameworksBuildPhase;
			buildActionMask = 2147483647;
			files = (
				0A5D6F321FB1557A0097B194 /* Disk.framework in Frameworks */,
				0A5D6EB81FB155690097B194 /* Chameleon.framework in Frameworks */,
				0A5D6EBA1FB155690097B194 /* ReactiveCocoa.framework in Frameworks */,
				0A5D6EBB1FB155690097B194 /* ReactiveSwift.framework in Frameworks */,
				0A5D6EBC1FB155690097B194 /* Result.framework in Frameworks */,
			);
			runOnlyForDeploymentPostprocessing = 0;
		};
		0A0515981F257303002FFE45 /* Frameworks */ = {
			isa = PBXFrameworksBuildPhase;
			buildActionMask = 2147483647;
			files = (
			);
			runOnlyForDeploymentPostprocessing = 0;
		};
		0A0515A31F257303002FFE45 /* Frameworks */ = {
			isa = PBXFrameworksBuildPhase;
			buildActionMask = 2147483647;
			files = (
			);
			runOnlyForDeploymentPostprocessing = 0;
		};
/* End PBXFrameworksBuildPhase section */

/* Begin PBXGroup section */
		0A05157E1F257303002FFE45 = {
			isa = PBXGroup;
			children = (
				0A0515891F257303002FFE45 /* Chuva */,
				0A05159E1F257303002FFE45 /* ChuvaTests */,
				0A0515A91F257303002FFE45 /* ChuvaUITests */,
				0A0515881F257303002FFE45 /* Products */,
				0A0515B81F257615002FFE45 /* Frameworks */,
			);
			sourceTree = "<group>";
		};
		0A0515881F257303002FFE45 /* Products */ = {
			isa = PBXGroup;
			children = (
				0A0515871F257303002FFE45 /* Chuva.app */,
				0A05159B1F257303002FFE45 /* ChuvaTests.xctest */,
				0A0515A61F257303002FFE45 /* ChuvaUITests.xctest */,
			);
			name = Products;
			sourceTree = "<group>";
		};
		0A0515891F257303002FFE45 /* Chuva */ = {
			isa = PBXGroup;
			children = (
				0A05158A1F257303002FFE45 /* AppDelegate.swift */,
				0ADD9B0C1F525DAE00B1B10D /* Protocols */,
				0ADD9B0D1F525DD000B1B10D /* Models */,
				0A7404A31FAEB3850099E245 /* Views */,
				0A7404AC1FAEB6120099E245 /* View Models */,
				0ADD9B0E1F525E0500B1B10D /* View Controllers */,
				0ADD9B0F1F525E2200B1B10D /* Storyboards */,
				0A0515911F257303002FFE45 /* Assets.xcassets */,
				0A0515961F257303002FFE45 /* Info.plist */,
			);
			path = Chuva;
			sourceTree = "<group>";
		};
		0A05159E1F257303002FFE45 /* ChuvaTests */ = {
			isa = PBXGroup;
			children = (
				0A05159F1F257303002FFE45 /* ChuvaTests.swift */,
				0A0515A11F257303002FFE45 /* Info.plist */,
			);
			path = ChuvaTests;
			sourceTree = "<group>";
		};
		0A0515A91F257303002FFE45 /* ChuvaUITests */ = {
			isa = PBXGroup;
			children = (
				0A0515AA1F257303002FFE45 /* ChuvaUITests.swift */,
				0A0515AC1F257303002FFE45 /* Info.plist */,
			);
			path = ChuvaUITests;
			sourceTree = "<group>";
		};
		0A0515B81F257615002FFE45 /* Frameworks */ = {
			isa = PBXGroup;
			children = (
				0A5D6EBD1FB155730097B194 /* Disk */,
				0AA1C35C1FAFFB9100009CD2 /* Chameleon.xcodeproj */,
				0AAF99A51FAEA81D00FDC407 /* Result.xcodeproj */,
				0AAF998C1FAEA80C00FDC407 /* ReactiveSwift.xcodeproj */,
				0AAF99711FAEA7ED00FDC407 /* ReactiveCocoa.xcodeproj */,
				0AB2516E1F5BAA260075AD12 /* Disk.framework */,
			);
			name = Frameworks;
			sourceTree = "<group>";
		};
		0A5D6EBD1FB155730097B194 /* Disk */ = {
			isa = PBXGroup;
			children = (
				0A5D6EBE1FB155730097B194 /* .gitignore */,
				0A5D6EBF1FB155730097B194 /* .swift-version */,
				0A5D6EC01FB155730097B194 /* Carthage */,
				0A5D6F001FB155730097B194 /* Disk.podspec */,
				0A5D6F011FB155730097B194 /* Disk.xcodeproj */,
				0A5D6F041FB155730097B194 /* Disk.xcworkspace */,
				0A5D6F051FB155730097B194 /* DiskExample */,
				0A5D6F131FB155730097B194 /* LICENSE */,
				0A5D6F141FB155730097B194 /* Package.swift */,
				0A5D6F151FB155730097B194 /* README.md */,
				0A5D6F161FB155730097B194 /* Sources */,
				0A5D6F231FB155730097B194 /* Tests */,
			);
			name = Disk;
			path = Carthage/Checkouts/Disk;
			sourceTree = "<group>";
		};
		0A5D6EC01FB155730097B194 /* Carthage */ = {
			isa = PBXGroup;
			children = (
				0A5D6EC11FB155730097B194 /* Build */,
			);
			path = Carthage;
			sourceTree = "<group>";
		};
		0A5D6EC11FB155730097B194 /* Build */ = {
			isa = PBXGroup;
			children = (
				0A5D6EC21FB155730097B194 /* .Chameleon.version */,
				0A5D6EC31FB155730097B194 /* .Disk.version */,
				0A5D6EC41FB155730097B194 /* .Eureka.version */,
				0A5D6EC51FB155730097B194 /* .ReactiveCocoa.version */,
				0A5D6EC61FB155730097B194 /* .ReactiveSwift.version */,
				0A5D6EC71FB155730097B194 /* .Result.version */,
				0A5D6EC81FB155730097B194 /* iOS */,
				0A5D6EE51FB155730097B194 /* Mac */,
				0A5D6EEC1FB155730097B194 /* tvOS */,
				0A5D6EF61FB155730097B194 /* watchOS */,
			);
			path = Build;
			sourceTree = "<group>";
		};
		0A5D6EC81FB155730097B194 /* iOS */ = {
			isa = PBXGroup;
			children = (
				0A5D6EC91FB155730097B194 /* 032F6230-B3A8-3D8D-B7A6-4023B500280D.bcsymbolmap */,
				0A5D6ECA1FB155730097B194 /* 1BEC0494-3CBD-39DD-A42E-F974A422A721.bcsymbolmap */,
				0A5D6ECB1FB155730097B194 /* 284DDEC7-E8DF-3501-8387-2EF9E0C17278.bcsymbolmap */,
				0A5D6ECC1FB155730097B194 /* 3443E3F7-9049-3259-9D33-F5EA11C94FC8.bcsymbolmap */,
				0A5D6ECD1FB155730097B194 /* 37E570F9-525C-3740-8243-86279E42234A.bcsymbolmap */,
				0A5D6ECE1FB155730097B194 /* 61119BD5-F06D-3A74-AFD0-617BD08E0643.bcsymbolmap */,
				0A5D6ECF1FB155730097B194 /* 73E93E45-94C1-3611-9F98-7D85CE4D19BB.bcsymbolmap */,
				0A5D6ED01FB155730097B194 /* 84AE25AF-FCF6-36E7-9102-9EB9256DB369.bcsymbolmap */,
				0A5D6ED11FB155730097B194 /* 866720D1-DA2F-32BA-9475-5D693EC72D24.bcsymbolmap */,
				0A5D6ED21FB155730097B194 /* 9CFA1E6F-91AB-3339-88A0-159AF7AC2227.bcsymbolmap */,
				0A5D6ED31FB155730097B194 /* AE8C0E39-21C6-371B-9D45-C57622C72951.bcsymbolmap */,
				0A5D6ED41FB155730097B194 /* Chameleon.framework */,
				0A5D6ED51FB155730097B194 /* Chameleon.framework.dSYM */,
				0A5D6ED61FB155730097B194 /* DE016F7B-A19B-3B44-B29D-F349E0E6B6AB.bcsymbolmap */,
				0A5D6ED71FB155730097B194 /* Disk.framework */,
				0A5D6ED81FB155730097B194 /* Disk.framework.dSYM */,
				0A5D6ED91FB155730097B194 /* E31CA256-959A-38F0-A582-8F2FD034332C.bcsymbolmap */,
				0A5D6EDA1FB155730097B194 /* Eureka.framework */,
				0A5D6EDB1FB155730097B194 /* Eureka.framework.dSYM */,
				0A5D6EDC1FB155730097B194 /* F747E949-787E-3772-898D-69252940E6AE.bcsymbolmap */,
				0A5D6EDD1FB155730097B194 /* F8B0E604-EE28-3827-8E93-5B90AA22CB4E.bcsymbolmap */,
				0A5D6EDE1FB155730097B194 /* FACA0AEA-53D8-3664-878A-F9C2F79A2194.bcsymbolmap */,
				0A5D6EDF1FB155730097B194 /* ReactiveCocoa.framework */,
				0A5D6EE01FB155730097B194 /* ReactiveCocoa.framework.dSYM */,
				0A5D6EE11FB155730097B194 /* ReactiveSwift.framework */,
				0A5D6EE21FB155730097B194 /* ReactiveSwift.framework.dSYM */,
				0A5D6EE31FB155730097B194 /* Result.framework */,
				0A5D6EE41FB155730097B194 /* Result.framework.dSYM */,
			);
			path = iOS;
			sourceTree = "<group>";
		};
		0A5D6EE51FB155730097B194 /* Mac */ = {
			isa = PBXGroup;
			children = (
				0A5D6EE61FB155730097B194 /* ReactiveCocoa.framework */,
				0A5D6EE71FB155730097B194 /* ReactiveCocoa.framework.dSYM */,
				0A5D6EE81FB155730097B194 /* ReactiveSwift.framework */,
				0A5D6EE91FB155730097B194 /* ReactiveSwift.framework.dSYM */,
				0A5D6EEA1FB155730097B194 /* Result.framework */,
				0A5D6EEB1FB155730097B194 /* Result.framework.dSYM */,
			);
			path = Mac;
			sourceTree = "<group>";
		};
		0A5D6EEC1FB155730097B194 /* tvOS */ = {
			isa = PBXGroup;
			children = (
				0A5D6EED1FB155730097B194 /* 1B30358F-A2FA-3A8A-87DC-997957047562.bcsymbolmap */,
				0A5D6EEE1FB155730097B194 /* 1F9A6EE1-BA2E-3C41-ABD7-D39689539103.bcsymbolmap */,
				0A5D6EEF1FB155730097B194 /* 20E1AF65-9EBB-3EBA-B82E-87E4790C73F5.bcsymbolmap */,
				0A5D6EF01FB155730097B194 /* ReactiveCocoa.framework */,
				0A5D6EF11FB155730097B194 /* ReactiveCocoa.framework.dSYM */,
				0A5D6EF21FB155730097B194 /* ReactiveSwift.framework */,
				0A5D6EF31FB155730097B194 /* ReactiveSwift.framework.dSYM */,
				0A5D6EF41FB155730097B194 /* Result.framework */,
				0A5D6EF51FB155730097B194 /* Result.framework.dSYM */,
			);
			path = tvOS;
			sourceTree = "<group>";
		};
		0A5D6EF61FB155730097B194 /* watchOS */ = {
			isa = PBXGroup;
			children = (
				0A5D6EF71FB155730097B194 /* 2AECA255-2299-3FDD-BB1D-F260A822A288.bcsymbolmap */,
				0A5D6EF81FB155730097B194 /* E06D4C42-EA19-3C24-9ADD-8753FBA91911.bcsymbolmap */,
				0A5D6EF91FB155730097B194 /* E969AD91-8205-3D27-908A-185E2A44D6C3.bcsymbolmap */,
				0A5D6EFA1FB155730097B194 /* ReactiveCocoa.framework */,
				0A5D6EFB1FB155730097B194 /* ReactiveCocoa.framework.dSYM */,
				0A5D6EFC1FB155730097B194 /* ReactiveSwift.framework */,
				0A5D6EFD1FB155730097B194 /* ReactiveSwift.framework.dSYM */,
				0A5D6EFE1FB155730097B194 /* Result.framework */,
				0A5D6EFF1FB155730097B194 /* Result.framework.dSYM */,
			);
			path = watchOS;
			sourceTree = "<group>";
		};
		0A5D6F021FB155730097B194 /* Products */ = {
			isa = PBXGroup;
			children = (
				0A5D6F2C1FB155730097B194 /* Disk.framework */,
				0A5D6F2E1FB155730097B194 /* DiskTests.xctest */,
			);
			name = Products;
			sourceTree = "<group>";
		};
		0A5D6F051FB155730097B194 /* DiskExample */ = {
			isa = PBXGroup;
			children = (
				0A5D6F061FB155730097B194 /* DiskExample */,
				0A5D6F101FB155730097B194 /* DiskExample.xcodeproj */,
			);
			path = DiskExample;
			sourceTree = "<group>";
		};
		0A5D6F061FB155730097B194 /* DiskExample */ = {
			isa = PBXGroup;
			children = (
				0A5D6F071FB155730097B194 /* AppDelegate.swift */,
				0A5D6F081FB155730097B194 /* Assets.xcassets */,
				0A5D6F091FB155730097B194 /* LaunchScreen.storyboard */,
				0A5D6F0B1FB155730097B194 /* Main.storyboard */,
				0A5D6F0D1FB155730097B194 /* Info.plist */,
				0A5D6F0E1FB155730097B194 /* Post.swift */,
				0A5D6F0F1FB155730097B194 /* ViewController.swift */,
			);
			path = DiskExample;
			sourceTree = "<group>";
		};
		0A5D6F111FB155730097B194 /* Products */ = {
			isa = PBXGroup;
			children = (
				0A5D6F311FB155730097B194 /* DiskExample.app */,
			);
			name = Products;
			sourceTree = "<group>";
		};
		0A5D6F161FB155730097B194 /* Sources */ = {
			isa = PBXGroup;
			children = (
				0A5D6F171FB155730097B194 /* Disk+[Data].swift */,
				0A5D6F181FB155730097B194 /* Disk+[UIImage].swift */,
				0A5D6F191FB155730097B194 /* Disk+Codable.swift */,
				0A5D6F1A1FB155730097B194 /* Disk+Data.swift */,
				0A5D6F1B1FB155730097B194 /* Disk+Errors.swift */,
				0A5D6F1C1FB155730097B194 /* Disk+Helpers.swift */,
				0A5D6F1D1FB155730097B194 /* Disk+InternalHelpers.swift */,
				0A5D6F1E1FB155730097B194 /* Disk+UIImage.swift */,
				0A5D6F1F1FB155730097B194 /* Disk+VolumeInformation.swift */,
				0A5D6F201FB155730097B194 /* Disk.h */,
				0A5D6F211FB155730097B194 /* Disk.swift */,
				0A5D6F221FB155730097B194 /* Info.plist */,
			);
			path = Sources;
			sourceTree = "<group>";
		};
		0A5D6F231FB155730097B194 /* Tests */ = {
			isa = PBXGroup;
			children = (
				0A5D6F241FB155730097B194 /* DiskTests.swift */,
				0A5D6F251FB155730097B194 /* Images.xcassets */,
				0A5D6F261FB155730097B194 /* Info.plist */,
				0A5D6F271FB155730097B194 /* Message.swift */,
				0A5D6F281FB155730097B194 /* UIImage+Extension.swift */,
			);
			path = Tests;
			sourceTree = "<group>";
		};
		0A7404A31FAEB3850099E245 /* Views */ = {
			isa = PBXGroup;
			children = (
				0A7B6E031FB55270003B31DD /* TextField */,
				0A7B6DDF1FB5515F003B31DD /* InlineTextField */,
			);
			path = Views;
			sourceTree = "<group>";
		};
		0A7404AC1FAEB6120099E245 /* View Models */ = {
			isa = PBXGroup;
			children = (
				0A7B6E041FB5548E003B31DD /* InlineTextFieldViewModel.swift */,
				0A7404AD1FAEB67A0099E245 /* TextFieldViewModel.swift */,
			);
			path = "View Models";
			sourceTree = "<group>";
		};
		0A7B6DDF1FB5515F003B31DD /* InlineTextField */ = {
			isa = PBXGroup;
			children = (
				0A7404A41FAEB3850099E245 /* InlineTextField.swift */,
				0A7404A51FAEB3850099E245 /* InlineTextField.xib */,
			);
			path = InlineTextField;
			sourceTree = "<group>";
		};
		0A7B6E031FB55270003B31DD /* TextField */ = {
			isa = PBXGroup;
			children = (
				0A7B6DFF1FB55269003B31DD /* TextField.swift */,
				0A7B6E001FB55269003B31DD /* TextField.xib */,
			);
			path = TextField;
			sourceTree = "<group>";
		};
		0AA1C35D1FAFFB9100009CD2 /* Products */ = {
			isa = PBXGroup;
			children = (
				0AA1C3651FAFFB9200009CD2 /* Chameleon.framework */,
				0AA1C3671FAFFB9200009CD2 /* ChameleonDemo.app */,
				0AA1C3691FAFFB9200009CD2 /* ChameleonDemo-Objc.app */,
				0AA1C36B1FAFFB9200009CD2 /* ChameleonExtension-ObjC.appex */,
				0AA1C36D1FAFFB9200009CD2 /* ChameleonExtension.appex */,
			);
			name = Products;
			sourceTree = "<group>";
		};
		0AAF99721FAEA7ED00FDC407 /* Products */ = {
			isa = PBXGroup;
			children = (
				0AAF997E1FAEA7ED00FDC407 /* ReactiveCocoa.framework */,
				0AAF99801FAEA7ED00FDC407 /* ReactiveCocoaTests.xctest */,
				0AAF99821FAEA7ED00FDC407 /* ReactiveCocoa.framework */,
				0AAF99841FAEA7ED00FDC407 /* ReactiveCocoaTests.xctest */,
				0AAF99861FAEA7ED00FDC407 /* ReactiveCocoa.framework */,
				0AAF99881FAEA7ED00FDC407 /* ReactiveCocoa.framework */,
				0AAF998A1FAEA7ED00FDC407 /* ReactiveCocoaTests.xctest */,
			);
			name = Products;
			sourceTree = "<group>";
		};
		0AAF998D1FAEA80C00FDC407 /* Products */ = {
			isa = PBXGroup;
			children = (
				0AAF99971FAEA80C00FDC407 /* ReactiveSwift.framework */,
				0AAF99991FAEA80C00FDC407 /* ReactiveSwiftTests.xctest */,
				0AAF999B1FAEA80C00FDC407 /* ReactiveSwift.framework */,
				0AAF999D1FAEA80C00FDC407 /* ReactiveSwiftTests.xctest */,
				0AAF999F1FAEA80C00FDC407 /* ReactiveSwift.framework */,
				0AAF99A11FAEA80C00FDC407 /* ReactiveSwift.framework */,
				0AAF99A31FAEA80C00FDC407 /* ReactiveSwiftTests.xctest */,
			);
			name = Products;
			sourceTree = "<group>";
		};
		0AAF99A61FAEA81D00FDC407 /* Products */ = {
			isa = PBXGroup;
			children = (
				0AAF99B01FAEA81D00FDC407 /* Result.framework */,
				0AAF99B21FAEA81D00FDC407 /* Result-MacTests.xctest */,
				0AAF99B41FAEA81D00FDC407 /* Result.framework */,
				0AAF99B61FAEA81D00FDC407 /* Result-iOSTests.xctest */,
				0AAF99B81FAEA81D00FDC407 /* Result.framework */,
				0AAF99BA1FAEA81D00FDC407 /* Result-tvOSTests.xctest */,
				0AAF99BC1FAEA81D00FDC407 /* Result.framework */,
			);
			name = Products;
			sourceTree = "<group>";
		};
		0ADD9B0C1F525DAE00B1B10D /* Protocols */ = {
			isa = PBXGroup;
			children = (
				0AF65F8F1F5B6A900055697C /* Serializable.swift */,
				0AF629D21F36882500CED1E2 /* RowRepresentable.swift */,
				0AF629CD1F3687BD00CED1E2 /* AnswerProtocols.swift */,
				0AF629CF1F3687E300CED1E2 /* QuestionProtocols.swift */,
			);
			path = Protocols;
			sourceTree = "<group>";
		};
		0ADD9B0D1F525DD000B1B10D /* Models */ = {
			isa = PBXGroup;
			children = (
				0AF65F931F5B6F560055697C /* Questions */,
				0A58DC8D1F2E400500087340 /* Answer.swift */,
				0AB251711F5BACAB0075AD12 /* Form.swift */,
			);
			path = Models;
			sourceTree = "<group>";
		};
		0ADD9B0E1F525E0500B1B10D /* View Controllers */ = {
			isa = PBXGroup;
			children = (
				0A05158C1F257303002FFE45 /* FormListVC.swift */,
				0A102AEB1F57AF1500F0F841 /* CreateFormVC.swift */,
				0A23B8521F4915230034DBEA /* CreateQuestionVC.swift */,
			);
			path = "View Controllers";
			sourceTree = "<group>";
		};
		0ADD9B0F1F525E2200B1B10D /* Storyboards */ = {
			isa = PBXGroup;
			children = (
				0A05158E1F257303002FFE45 /* Main.storyboard */,
				0A0515931F257303002FFE45 /* LaunchScreen.storyboard */,
			);
			path = Storyboards;
			sourceTree = "<group>";
		};
		0AF65F931F5B6F560055697C /* Questions */ = {
			isa = PBXGroup;
			children = (
				0A58DC8E1F2E400500087340 /* Question.swift */,
				0AF65F941F5B6F740055697C /* Integer.swift */,
				0AF65F961F5B6F7A0055697C /* Decimal.swift */,
				0AF65F981F5B6F7F0055697C /* Text.swift */,
				0AF65F9A1F5B6F900055697C /* SingleChoice.swift */,
				0AF65F9C1F5B6F980055697C /* MultipleChoice.swift */,
			);
			path = Questions;
			sourceTree = "<group>";
		};
/* End PBXGroup section */

/* Begin PBXNativeTarget section */
		0A0515861F257303002FFE45 /* Chuva */ = {
			isa = PBXNativeTarget;
			buildConfigurationList = 0A0515AF1F257303002FFE45 /* Build configuration list for PBXNativeTarget "Chuva" */;
			buildPhases = (
				0A0515831F257303002FFE45 /* Sources */,
				0A0515841F257303002FFE45 /* Frameworks */,
				0A0515851F257303002FFE45 /* Resources */,
				0A5D6E751FB14AEF0097B194 /* Copy Carthage Frameworks */,
			);
			buildRules = (
			);
			dependencies = (
			);
			name = Chuva;
			productName = Chuva;
			productReference = 0A0515871F257303002FFE45 /* Chuva.app */;
			productType = "com.apple.product-type.application";
		};
		0A05159A1F257303002FFE45 /* ChuvaTests */ = {
			isa = PBXNativeTarget;
			buildConfigurationList = 0A0515B21F257303002FFE45 /* Build configuration list for PBXNativeTarget "ChuvaTests" */;
			buildPhases = (
				0A0515971F257303002FFE45 /* Sources */,
				0A0515981F257303002FFE45 /* Frameworks */,
				0A0515991F257303002FFE45 /* Resources */,
			);
			buildRules = (
			);
			dependencies = (
				0A05159D1F257303002FFE45 /* PBXTargetDependency */,
			);
			name = ChuvaTests;
			productName = ChuvaTests;
			productReference = 0A05159B1F257303002FFE45 /* ChuvaTests.xctest */;
			productType = "com.apple.product-type.bundle.unit-test";
		};
		0A0515A51F257303002FFE45 /* ChuvaUITests */ = {
			isa = PBXNativeTarget;
			buildConfigurationList = 0A0515B51F257303002FFE45 /* Build configuration list for PBXNativeTarget "ChuvaUITests" */;
			buildPhases = (
				0A0515A21F257303002FFE45 /* Sources */,
				0A0515A31F257303002FFE45 /* Frameworks */,
				0A0515A41F257303002FFE45 /* Resources */,
			);
			buildRules = (
			);
			dependencies = (
				0A0515A81F257303002FFE45 /* PBXTargetDependency */,
			);
			name = ChuvaUITests;
			productName = ChuvaUITests;
			productReference = 0A0515A61F257303002FFE45 /* ChuvaUITests.xctest */;
			productType = "com.apple.product-type.bundle.ui-testing";
		};
/* End PBXNativeTarget section */

/* Begin PBXProject section */
		0A05157F1F257303002FFE45 /* Project object */ = {
			isa = PBXProject;
			attributes = {
				LastSwiftUpdateCheck = 0900;
				LastUpgradeCheck = 0900;
				ORGANIZATIONNAME = Chuva;
				TargetAttributes = {
					0A0515861F257303002FFE45 = {
						CreatedOnToolsVersion = 9.0;
					};
					0A05159A1F257303002FFE45 = {
						CreatedOnToolsVersion = 9.0;
						TestTargetID = 0A0515861F257303002FFE45;
					};
					0A0515A51F257303002FFE45 = {
						CreatedOnToolsVersion = 9.0;
						TestTargetID = 0A0515861F257303002FFE45;
					};
				};
			};
			buildConfigurationList = 0A0515821F257303002FFE45 /* Build configuration list for PBXProject "Chuva" */;
			compatibilityVersion = "Xcode 8.0";
			developmentRegion = en;
			hasScannedForEncodings = 0;
			knownRegions = (
				en,
				Base,
			);
			mainGroup = 0A05157E1F257303002FFE45;
			productRefGroup = 0A0515881F257303002FFE45 /* Products */;
			projectDirPath = "";
			projectReferences = (
				{
					ProductGroup = 0AA1C35D1FAFFB9100009CD2 /* Products */;
					ProjectRef = 0AA1C35C1FAFFB9100009CD2 /* Chameleon.xcodeproj */;
				},
				{
					ProductGroup = 0A5D6F021FB155730097B194 /* Products */;
					ProjectRef = 0A5D6F011FB155730097B194 /* Disk.xcodeproj */;
				},
				{
					ProductGroup = 0A5D6F111FB155730097B194 /* Products */;
					ProjectRef = 0A5D6F101FB155730097B194 /* DiskExample.xcodeproj */;
				},
				{
					ProductGroup = 0AAF99721FAEA7ED00FDC407 /* Products */;
					ProjectRef = 0AAF99711FAEA7ED00FDC407 /* ReactiveCocoa.xcodeproj */;
				},
				{
					ProductGroup = 0AAF998D1FAEA80C00FDC407 /* Products */;
					ProjectRef = 0AAF998C1FAEA80C00FDC407 /* ReactiveSwift.xcodeproj */;
				},
				{
					ProductGroup = 0AAF99A61FAEA81D00FDC407 /* Products */;
					ProjectRef = 0AAF99A51FAEA81D00FDC407 /* Result.xcodeproj */;
				},
			);
			projectRoot = "";
			targets = (
				0A0515861F257303002FFE45 /* Chuva */,
				0A05159A1F257303002FFE45 /* ChuvaTests */,
				0A0515A51F257303002FFE45 /* ChuvaUITests */,
			);
		};
/* End PBXProject section */

/* Begin PBXReferenceProxy section */
		0A5D6F2C1FB155730097B194 /* Disk.framework */ = {
			isa = PBXReferenceProxy;
			fileType = wrapper.framework;
			path = Disk.framework;
			remoteRef = 0A5D6F2B1FB155730097B194 /* PBXContainerItemProxy */;
			sourceTree = BUILT_PRODUCTS_DIR;
		};
		0A5D6F2E1FB155730097B194 /* DiskTests.xctest */ = {
			isa = PBXReferenceProxy;
			fileType = wrapper.cfbundle;
			path = DiskTests.xctest;
			remoteRef = 0A5D6F2D1FB155730097B194 /* PBXContainerItemProxy */;
			sourceTree = BUILT_PRODUCTS_DIR;
		};
		0A5D6F311FB155730097B194 /* DiskExample.app */ = {
			isa = PBXReferenceProxy;
			fileType = wrapper.application;
			path = DiskExample.app;
			remoteRef = 0A5D6F301FB155730097B194 /* PBXContainerItemProxy */;
			sourceTree = BUILT_PRODUCTS_DIR;
		};
		0AA1C3651FAFFB9200009CD2 /* Chameleon.framework */ = {
			isa = PBXReferenceProxy;
			fileType = wrapper.framework;
			path = Chameleon.framework;
			remoteRef = 0AA1C3641FAFFB9200009CD2 /* PBXContainerItemProxy */;
			sourceTree = BUILT_PRODUCTS_DIR;
		};
		0AA1C3671FAFFB9200009CD2 /* ChameleonDemo.app */ = {
			isa = PBXReferenceProxy;
			fileType = wrapper.application;
			path = ChameleonDemo.app;
			remoteRef = 0AA1C3661FAFFB9200009CD2 /* PBXContainerItemProxy */;
			sourceTree = BUILT_PRODUCTS_DIR;
		};
		0AA1C3691FAFFB9200009CD2 /* ChameleonDemo-Objc.app */ = {
			isa = PBXReferenceProxy;
			fileType = wrapper.application;
			path = "ChameleonDemo-Objc.app";
			remoteRef = 0AA1C3681FAFFB9200009CD2 /* PBXContainerItemProxy */;
			sourceTree = BUILT_PRODUCTS_DIR;
		};
		0AA1C36B1FAFFB9200009CD2 /* ChameleonExtension-ObjC.appex */ = {
			isa = PBXReferenceProxy;
			fileType = "wrapper.app-extension";
			path = "ChameleonExtension-ObjC.appex";
			remoteRef = 0AA1C36A1FAFFB9200009CD2 /* PBXContainerItemProxy */;
			sourceTree = BUILT_PRODUCTS_DIR;
		};
		0AA1C36D1FAFFB9200009CD2 /* ChameleonExtension.appex */ = {
			isa = PBXReferenceProxy;
			fileType = "wrapper.app-extension";
			path = ChameleonExtension.appex;
			remoteRef = 0AA1C36C1FAFFB9200009CD2 /* PBXContainerItemProxy */;
			sourceTree = BUILT_PRODUCTS_DIR;
		};
		0AAF997E1FAEA7ED00FDC407 /* ReactiveCocoa.framework */ = {
			isa = PBXReferenceProxy;
			fileType = wrapper.framework;
			path = ReactiveCocoa.framework;
			remoteRef = 0AAF997D1FAEA7ED00FDC407 /* PBXContainerItemProxy */;
			sourceTree = BUILT_PRODUCTS_DIR;
		};
		0AAF99801FAEA7ED00FDC407 /* ReactiveCocoaTests.xctest */ = {
			isa = PBXReferenceProxy;
			fileType = wrapper.cfbundle;
			path = ReactiveCocoaTests.xctest;
			remoteRef = 0AAF997F1FAEA7ED00FDC407 /* PBXContainerItemProxy */;
			sourceTree = BUILT_PRODUCTS_DIR;
		};
		0AAF99821FAEA7ED00FDC407 /* ReactiveCocoa.framework */ = {
			isa = PBXReferenceProxy;
			fileType = wrapper.framework;
			path = ReactiveCocoa.framework;
			remoteRef = 0AAF99811FAEA7ED00FDC407 /* PBXContainerItemProxy */;
			sourceTree = BUILT_PRODUCTS_DIR;
		};
		0AAF99841FAEA7ED00FDC407 /* ReactiveCocoaTests.xctest */ = {
			isa = PBXReferenceProxy;
			fileType = wrapper.cfbundle;
			path = ReactiveCocoaTests.xctest;
			remoteRef = 0AAF99831FAEA7ED00FDC407 /* PBXContainerItemProxy */;
			sourceTree = BUILT_PRODUCTS_DIR;
		};
		0AAF99861FAEA7ED00FDC407 /* ReactiveCocoa.framework */ = {
			isa = PBXReferenceProxy;
			fileType = wrapper.framework;
			path = ReactiveCocoa.framework;
			remoteRef = 0AAF99851FAEA7ED00FDC407 /* PBXContainerItemProxy */;
			sourceTree = BUILT_PRODUCTS_DIR;
		};
		0AAF99881FAEA7ED00FDC407 /* ReactiveCocoa.framework */ = {
			isa = PBXReferenceProxy;
			fileType = wrapper.framework;
			path = ReactiveCocoa.framework;
			remoteRef = 0AAF99871FAEA7ED00FDC407 /* PBXContainerItemProxy */;
			sourceTree = BUILT_PRODUCTS_DIR;
		};
		0AAF998A1FAEA7ED00FDC407 /* ReactiveCocoaTests.xctest */ = {
			isa = PBXReferenceProxy;
			fileType = wrapper.cfbundle;
			path = ReactiveCocoaTests.xctest;
			remoteRef = 0AAF99891FAEA7ED00FDC407 /* PBXContainerItemProxy */;
			sourceTree = BUILT_PRODUCTS_DIR;
		};
		0AAF99971FAEA80C00FDC407 /* ReactiveSwift.framework */ = {
			isa = PBXReferenceProxy;
			fileType = wrapper.framework;
			path = ReactiveSwift.framework;
			remoteRef = 0AAF99961FAEA80C00FDC407 /* PBXContainerItemProxy */;
			sourceTree = BUILT_PRODUCTS_DIR;
		};
		0AAF99991FAEA80C00FDC407 /* ReactiveSwiftTests.xctest */ = {
			isa = PBXReferenceProxy;
			fileType = wrapper.cfbundle;
			path = ReactiveSwiftTests.xctest;
			remoteRef = 0AAF99981FAEA80C00FDC407 /* PBXContainerItemProxy */;
			sourceTree = BUILT_PRODUCTS_DIR;
		};
		0AAF999B1FAEA80C00FDC407 /* ReactiveSwift.framework */ = {
			isa = PBXReferenceProxy;
			fileType = wrapper.framework;
			path = ReactiveSwift.framework;
			remoteRef = 0AAF999A1FAEA80C00FDC407 /* PBXContainerItemProxy */;
			sourceTree = BUILT_PRODUCTS_DIR;
		};
		0AAF999D1FAEA80C00FDC407 /* ReactiveSwiftTests.xctest */ = {
			isa = PBXReferenceProxy;
			fileType = wrapper.cfbundle;
			path = ReactiveSwiftTests.xctest;
			remoteRef = 0AAF999C1FAEA80C00FDC407 /* PBXContainerItemProxy */;
			sourceTree = BUILT_PRODUCTS_DIR;
		};
		0AAF999F1FAEA80C00FDC407 /* ReactiveSwift.framework */ = {
			isa = PBXReferenceProxy;
			fileType = wrapper.framework;
			path = ReactiveSwift.framework;
			remoteRef = 0AAF999E1FAEA80C00FDC407 /* PBXContainerItemProxy */;
			sourceTree = BUILT_PRODUCTS_DIR;
		};
		0AAF99A11FAEA80C00FDC407 /* ReactiveSwift.framework */ = {
			isa = PBXReferenceProxy;
			fileType = wrapper.framework;
			path = ReactiveSwift.framework;
			remoteRef = 0AAF99A01FAEA80C00FDC407 /* PBXContainerItemProxy */;
			sourceTree = BUILT_PRODUCTS_DIR;
		};
		0AAF99A31FAEA80C00FDC407 /* ReactiveSwiftTests.xctest */ = {
			isa = PBXReferenceProxy;
			fileType = wrapper.cfbundle;
			path = ReactiveSwiftTests.xctest;
			remoteRef = 0AAF99A21FAEA80C00FDC407 /* PBXContainerItemProxy */;
			sourceTree = BUILT_PRODUCTS_DIR;
		};
		0AAF99B01FAEA81D00FDC407 /* Result.framework */ = {
			isa = PBXReferenceProxy;
			fileType = wrapper.framework;
			path = Result.framework;
			remoteRef = 0AAF99AF1FAEA81D00FDC407 /* PBXContainerItemProxy */;
			sourceTree = BUILT_PRODUCTS_DIR;
		};
		0AAF99B21FAEA81D00FDC407 /* Result-MacTests.xctest */ = {
			isa = PBXReferenceProxy;
			fileType = wrapper.cfbundle;
			path = "Result-MacTests.xctest";
			remoteRef = 0AAF99B11FAEA81D00FDC407 /* PBXContainerItemProxy */;
			sourceTree = BUILT_PRODUCTS_DIR;
		};
		0AAF99B41FAEA81D00FDC407 /* Result.framework */ = {
			isa = PBXReferenceProxy;
			fileType = wrapper.framework;
			path = Result.framework;
			remoteRef = 0AAF99B31FAEA81D00FDC407 /* PBXContainerItemProxy */;
			sourceTree = BUILT_PRODUCTS_DIR;
		};
		0AAF99B61FAEA81D00FDC407 /* Result-iOSTests.xctest */ = {
			isa = PBXReferenceProxy;
			fileType = wrapper.cfbundle;
			path = "Result-iOSTests.xctest";
			remoteRef = 0AAF99B51FAEA81D00FDC407 /* PBXContainerItemProxy */;
			sourceTree = BUILT_PRODUCTS_DIR;
		};
		0AAF99B81FAEA81D00FDC407 /* Result.framework */ = {
			isa = PBXReferenceProxy;
			fileType = wrapper.framework;
			path = Result.framework;
			remoteRef = 0AAF99B71FAEA81D00FDC407 /* PBXContainerItemProxy */;
			sourceTree = BUILT_PRODUCTS_DIR;
		};
		0AAF99BA1FAEA81D00FDC407 /* Result-tvOSTests.xctest */ = {
			isa = PBXReferenceProxy;
			fileType = wrapper.cfbundle;
			path = "Result-tvOSTests.xctest";
			remoteRef = 0AAF99B91FAEA81D00FDC407 /* PBXContainerItemProxy */;
			sourceTree = BUILT_PRODUCTS_DIR;
		};
		0AAF99BC1FAEA81D00FDC407 /* Result.framework */ = {
			isa = PBXReferenceProxy;
			fileType = wrapper.framework;
			path = Result.framework;
			remoteRef = 0AAF99BB1FAEA81D00FDC407 /* PBXContainerItemProxy */;
			sourceTree = BUILT_PRODUCTS_DIR;
		};
/* End PBXReferenceProxy section */

/* Begin PBXResourcesBuildPhase section */
		0A0515851F257303002FFE45 /* Resources */ = {
			isa = PBXResourcesBuildPhase;
			buildActionMask = 2147483647;
			files = (
				0A7B6E021FB55269003B31DD /* TextField.xib in Resources */,
				0A7404A71FAEB3850099E245 /* InlineTextField.xib in Resources */,
				0A0515951F257303002FFE45 /* LaunchScreen.storyboard in Resources */,
				0A0515921F257303002FFE45 /* Assets.xcassets in Resources */,
				0A0515901F257303002FFE45 /* Main.storyboard in Resources */,
			);
			runOnlyForDeploymentPostprocessing = 0;
		};
		0A0515991F257303002FFE45 /* Resources */ = {
			isa = PBXResourcesBuildPhase;
			buildActionMask = 2147483647;
			files = (
			);
			runOnlyForDeploymentPostprocessing = 0;
		};
		0A0515A41F257303002FFE45 /* Resources */ = {
			isa = PBXResourcesBuildPhase;
			buildActionMask = 2147483647;
			files = (
			);
			runOnlyForDeploymentPostprocessing = 0;
		};
/* End PBXResourcesBuildPhase section */

/* Begin PBXShellScriptBuildPhase section */
		0A5D6E751FB14AEF0097B194 /* Copy Carthage Frameworks */ = {
			isa = PBXShellScriptBuildPhase;
			buildActionMask = 2147483647;
			files = (
			);
			inputPaths = (
				"$(SRCROOT)/Carthage/Build/iOS/Chameleon.framework",
				"$(SRCROOT)/Carthage/Build/iOS/Result.framework",
				"$(SRCROOT)/Carthage/Build/iOS/ReactiveSwift.framework",
				"$(SRCROOT)/Carthage/Build/iOS/ReactiveCocoa.framework",
				"$(SRCROOT)/Carthage/Build/iOS/Eureka.framework",
				"$(SRCROOT)/Carthage/Build/iOS/Disk.framework",
			);
			name = "Copy Carthage Frameworks";
			outputPaths = (
				"$(BUILT_PRODUCTS_DIR)/$(FRAMEWORKS_FOLDER_PATH)/Chameleon.framework ",
				"$(BUILT_PRODUCTS_DIR)/$(FRAMEWORKS_FOLDER_PATH)/Result.framework",
				"$(BUILT_PRODUCTS_DIR)/$(FRAMEWORKS_FOLDER_PATH)/ReactiveSwift.framework",
				"$(BUILT_PRODUCTS_DIR)/$(FRAMEWORKS_FOLDER_PATH)/ReactiveCocoa.framework",
				"$(BUILT_PRODUCTS_DIR)/$(FRAMEWORKS_FOLDER_PATH)/Eureka.framework",
				"$(BUILT_PRODUCTS_DIR)/$(FRAMEWORKS_FOLDER_PATH)/Disk.framework",
			);
			runOnlyForDeploymentPostprocessing = 0;
			shellPath = /bin/sh;
			shellScript = "/usr/local/bin/carthage copy-frameworks";
		};
/* End PBXShellScriptBuildPhase section */

/* Begin PBXSourcesBuildPhase section */
		0A0515831F257303002FFE45 /* Sources */ = {
			isa = PBXSourcesBuildPhase;
			buildActionMask = 2147483647;
			files = (
				0A7B6E051FB5548E003B31DD /* InlineTextFieldViewModel.swift in Sources */,
				0A7404A61FAEB3850099E245 /* InlineTextField.swift in Sources */,
				0A58DC8F1F2E400500087340 /* Answer.swift in Sources */,
				0AF629D01F3687E300CED1E2 /* QuestionProtocols.swift in Sources */,
				0A58DC901F2E400500087340 /* Question.swift in Sources */,
				0A7404AE1FAEB67A0099E245 /* TextFieldViewModel.swift in Sources */,
				0AF65F971F5B6F7A0055697C /* Decimal.swift in Sources */,
				0AF629D31F36882500CED1E2 /* RowRepresentable.swift in Sources */,
				0AF629CE1F3687BD00CED1E2 /* AnswerProtocols.swift in Sources */,
				0A05158D1F257303002FFE45 /* FormListVC.swift in Sources */,
				0AF65F921F5B6A900055697C /* Serializable.swift in Sources */,
				0AF65F9B1F5B6F900055697C /* SingleChoice.swift in Sources */,
				0A7B6E011FB55269003B31DD /* TextField.swift in Sources */,
				0AB251721F5BACAB0075AD12 /* Form.swift in Sources */,
				0AF65F9D1F5B6F980055697C /* MultipleChoice.swift in Sources */,
				0AF65F991F5B6F7F0055697C /* Text.swift in Sources */,
				0A102AEC1F57AF1500F0F841 /* CreateFormVC.swift in Sources */,
				0A23B8531F4915240034DBEA /* CreateQuestionVC.swift in Sources */,
				0AF65F951F5B6F740055697C /* Integer.swift in Sources */,
				0A05158B1F257303002FFE45 /* AppDelegate.swift in Sources */,
			);
			runOnlyForDeploymentPostprocessing = 0;
		};
		0A0515971F257303002FFE45 /* Sources */ = {
			isa = PBXSourcesBuildPhase;
			buildActionMask = 2147483647;
			files = (
				0A0515A01F257303002FFE45 /* ChuvaTests.swift in Sources */,
			);
			runOnlyForDeploymentPostprocessing = 0;
		};
		0A0515A21F257303002FFE45 /* Sources */ = {
			isa = PBXSourcesBuildPhase;
			buildActionMask = 2147483647;
			files = (
				0A0515AB1F257303002FFE45 /* ChuvaUITests.swift in Sources */,
			);
			runOnlyForDeploymentPostprocessing = 0;
		};
/* End PBXSourcesBuildPhase section */

/* Begin PBXTargetDependency section */
		0A05159D1F257303002FFE45 /* PBXTargetDependency */ = {
			isa = PBXTargetDependency;
			target = 0A0515861F257303002FFE45 /* Chuva */;
			targetProxy = 0A05159C1F257303002FFE45 /* PBXContainerItemProxy */;
		};
		0A0515A81F257303002FFE45 /* PBXTargetDependency */ = {
			isa = PBXTargetDependency;
			target = 0A0515861F257303002FFE45 /* Chuva */;
			targetProxy = 0A0515A71F257303002FFE45 /* PBXContainerItemProxy */;
		};
/* End PBXTargetDependency section */

/* Begin PBXVariantGroup section */
		0A05158E1F257303002FFE45 /* Main.storyboard */ = {
			isa = PBXVariantGroup;
			children = (
				0A05158F1F257303002FFE45 /* Base */,
			);
			name = Main.storyboard;
			sourceTree = "<group>";
		};
		0A0515931F257303002FFE45 /* LaunchScreen.storyboard */ = {
			isa = PBXVariantGroup;
			children = (
				0A0515941F257303002FFE45 /* Base */,
			);
			name = LaunchScreen.storyboard;
			sourceTree = "<group>";
		};
		0A5D6F091FB155730097B194 /* LaunchScreen.storyboard */ = {
			isa = PBXVariantGroup;
			children = (
				0A5D6F0A1FB155730097B194 /* Base */,
			);
			name = LaunchScreen.storyboard;
			sourceTree = "<group>";
		};
		0A5D6F0B1FB155730097B194 /* Main.storyboard */ = {
			isa = PBXVariantGroup;
			children = (
				0A5D6F0C1FB155730097B194 /* Base */,
			);
			name = Main.storyboard;
			sourceTree = "<group>";
		};
/* End PBXVariantGroup section */

/* Begin XCBuildConfiguration section */
		0A0515AD1F257303002FFE45 /* Debug */ = {
			isa = XCBuildConfiguration;
			buildSettings = {
				ALWAYS_SEARCH_USER_PATHS = NO;
				CLANG_ANALYZER_NONNULL = YES;
				CLANG_ANALYZER_NUMBER_OBJECT_CONVERSION = YES_AGGRESSIVE;
				CLANG_CXX_LANGUAGE_STANDARD = "gnu++14";
				CLANG_CXX_LIBRARY = "libc++";
				CLANG_ENABLE_MODULES = YES;
				CLANG_ENABLE_OBJC_ARC = YES;
				CLANG_WARN_BLOCK_CAPTURE_AUTORELEASING = YES;
				CLANG_WARN_BOOL_CONVERSION = YES;
				CLANG_WARN_COMMA = YES;
				CLANG_WARN_CONSTANT_CONVERSION = YES;
				CLANG_WARN_DIRECT_OBJC_ISA_USAGE = YES_ERROR;
				CLANG_WARN_DOCUMENTATION_COMMENTS = YES;
				CLANG_WARN_EMPTY_BODY = YES;
				CLANG_WARN_ENUM_CONVERSION = YES;
				CLANG_WARN_INFINITE_RECURSION = YES;
				CLANG_WARN_INT_CONVERSION = YES;
				CLANG_WARN_NON_LITERAL_NULL_CONVERSION = YES;
				CLANG_WARN_OBJC_LITERAL_CONVERSION = YES;
				CLANG_WARN_OBJC_ROOT_CLASS = YES_ERROR;
				CLANG_WARN_RANGE_LOOP_ANALYSIS = YES;
				CLANG_WARN_STRICT_PROTOTYPES = YES;
				CLANG_WARN_SUSPICIOUS_MOVE = YES;
				CLANG_WARN_UNGUARDED_AVAILABILITY = YES_AGGRESSIVE;
				CLANG_WARN_UNREACHABLE_CODE = YES;
				CLANG_WARN__DUPLICATE_METHOD_MATCH = YES;
				CODE_SIGN_IDENTITY = "iPhone Developer";
				COPY_PHASE_STRIP = NO;
				DEBUG_INFORMATION_FORMAT = dwarf;
				ENABLE_STRICT_OBJC_MSGSEND = YES;
				ENABLE_TESTABILITY = YES;
				GCC_C_LANGUAGE_STANDARD = gnu11;
				GCC_DYNAMIC_NO_PIC = NO;
				GCC_NO_COMMON_BLOCKS = YES;
				GCC_OPTIMIZATION_LEVEL = 0;
				GCC_PREPROCESSOR_DEFINITIONS = (
					"DEBUG=1",
					"$(inherited)",
				);
				GCC_WARN_64_TO_32_BIT_CONVERSION = YES;
				GCC_WARN_ABOUT_RETURN_TYPE = YES_ERROR;
				GCC_WARN_UNDECLARED_SELECTOR = YES;
				GCC_WARN_UNINITIALIZED_AUTOS = YES_AGGRESSIVE;
				GCC_WARN_UNUSED_FUNCTION = YES;
				GCC_WARN_UNUSED_VARIABLE = YES;
				IPHONEOS_DEPLOYMENT_TARGET = 11.0;
				MTL_ENABLE_DEBUG_INFO = YES;
				ONLY_ACTIVE_ARCH = YES;
				SDKROOT = iphoneos11.0;
				SWIFT_ACTIVE_COMPILATION_CONDITIONS = DEBUG;
				SWIFT_OPTIMIZATION_LEVEL = "-Onone";
				SWIFT_VERSION = 4.0;
			};
			name = Debug;
		};
		0A0515AE1F257303002FFE45 /* Release */ = {
			isa = XCBuildConfiguration;
			buildSettings = {
				ALWAYS_SEARCH_USER_PATHS = NO;
				CLANG_ANALYZER_NONNULL = YES;
				CLANG_ANALYZER_NUMBER_OBJECT_CONVERSION = YES_AGGRESSIVE;
				CLANG_CXX_LANGUAGE_STANDARD = "gnu++14";
				CLANG_CXX_LIBRARY = "libc++";
				CLANG_ENABLE_MODULES = YES;
				CLANG_ENABLE_OBJC_ARC = YES;
				CLANG_WARN_BLOCK_CAPTURE_AUTORELEASING = YES;
				CLANG_WARN_BOOL_CONVERSION = YES;
				CLANG_WARN_COMMA = YES;
				CLANG_WARN_CONSTANT_CONVERSION = YES;
				CLANG_WARN_DIRECT_OBJC_ISA_USAGE = YES_ERROR;
				CLANG_WARN_DOCUMENTATION_COMMENTS = YES;
				CLANG_WARN_EMPTY_BODY = YES;
				CLANG_WARN_ENUM_CONVERSION = YES;
				CLANG_WARN_INFINITE_RECURSION = YES;
				CLANG_WARN_INT_CONVERSION = YES;
				CLANG_WARN_NON_LITERAL_NULL_CONVERSION = YES;
				CLANG_WARN_OBJC_LITERAL_CONVERSION = YES;
				CLANG_WARN_OBJC_ROOT_CLASS = YES_ERROR;
				CLANG_WARN_RANGE_LOOP_ANALYSIS = YES;
				CLANG_WARN_STRICT_PROTOTYPES = YES;
				CLANG_WARN_SUSPICIOUS_MOVE = YES;
				CLANG_WARN_UNGUARDED_AVAILABILITY = YES_AGGRESSIVE;
				CLANG_WARN_UNREACHABLE_CODE = YES;
				CLANG_WARN__DUPLICATE_METHOD_MATCH = YES;
				CODE_SIGN_IDENTITY = "iPhone Developer";
				COPY_PHASE_STRIP = NO;
				DEBUG_INFORMATION_FORMAT = "dwarf-with-dsym";
				ENABLE_NS_ASSERTIONS = NO;
				ENABLE_STRICT_OBJC_MSGSEND = YES;
				GCC_C_LANGUAGE_STANDARD = gnu11;
				GCC_NO_COMMON_BLOCKS = YES;
				GCC_WARN_64_TO_32_BIT_CONVERSION = YES;
				GCC_WARN_ABOUT_RETURN_TYPE = YES_ERROR;
				GCC_WARN_UNDECLARED_SELECTOR = YES;
				GCC_WARN_UNINITIALIZED_AUTOS = YES_AGGRESSIVE;
				GCC_WARN_UNUSED_FUNCTION = YES;
				GCC_WARN_UNUSED_VARIABLE = YES;
				IPHONEOS_DEPLOYMENT_TARGET = 11.0;
				MTL_ENABLE_DEBUG_INFO = NO;
				SDKROOT = iphoneos11.0;
				SWIFT_OPTIMIZATION_LEVEL = "-Owholemodule";
				SWIFT_VERSION = 4.0;
				VALIDATE_PRODUCT = YES;
			};
			name = Release;
		};
		0A0515B01F257303002FFE45 /* Debug */ = {
			isa = XCBuildConfiguration;
			buildSettings = {
				ASSETCATALOG_COMPILER_APPICON_NAME = AppIcon;
				DEVELOPMENT_TEAM = NC8JXL2H35;
				FRAMEWORK_SEARCH_PATHS = (
					"$(inherited)",
					"$(PROJECT_DIR)/Carthage/Build/iOS",
				);
				INFOPLIST_FILE = Chuva/Info.plist;
				IPHONEOS_DEPLOYMENT_TARGET = 9.0;
				LD_RUNPATH_SEARCH_PATHS = "$(inherited) @executable_path/Frameworks";
				PRODUCT_BUNDLE_IDENTIFIER = io.chuva.develop.Chuva;
				PRODUCT_NAME = "$(TARGET_NAME)";
				SWIFT_VERSION = 4.0;
				TARGETED_DEVICE_FAMILY = "1,2";
			};
			name = Debug;
		};
		0A0515B11F257303002FFE45 /* Release */ = {
			isa = XCBuildConfiguration;
			buildSettings = {
				ASSETCATALOG_COMPILER_APPICON_NAME = AppIcon;
				DEVELOPMENT_TEAM = NC8JXL2H35;
				FRAMEWORK_SEARCH_PATHS = (
					"$(inherited)",
					"$(PROJECT_DIR)/Carthage/Build/iOS",
				);
				INFOPLIST_FILE = Chuva/Info.plist;
				IPHONEOS_DEPLOYMENT_TARGET = 9.0;
				LD_RUNPATH_SEARCH_PATHS = "$(inherited) @executable_path/Frameworks";
				PRODUCT_BUNDLE_IDENTIFIER = io.chuva.develop.Chuva;
				PRODUCT_NAME = "$(TARGET_NAME)";
				SWIFT_VERSION = 4.0;
				TARGETED_DEVICE_FAMILY = "1,2";
			};
			name = Release;
		};
		0A0515B31F257303002FFE45 /* Debug */ = {
			isa = XCBuildConfiguration;
			buildSettings = {
				ALWAYS_EMBED_SWIFT_STANDARD_LIBRARIES = YES;
				BUNDLE_LOADER = "$(TEST_HOST)";
				DEVELOPMENT_TEAM = NC8JXL2H35;
				INFOPLIST_FILE = ChuvaTests/Info.plist;
				IPHONEOS_DEPLOYMENT_TARGET = 9.0;
				LD_RUNPATH_SEARCH_PATHS = "$(inherited) @executable_path/Frameworks @loader_path/Frameworks";
				PRODUCT_BUNDLE_IDENTIFIER = io.chuva.develop.ChuvaTests;
				PRODUCT_NAME = "$(TARGET_NAME)";
				SWIFT_VERSION = 3.0;
				TARGETED_DEVICE_FAMILY = "1,2";
				TEST_HOST = "$(BUILT_PRODUCTS_DIR)/Chuva.app/Chuva";
			};
			name = Debug;
		};
		0A0515B41F257303002FFE45 /* Release */ = {
			isa = XCBuildConfiguration;
			buildSettings = {
				ALWAYS_EMBED_SWIFT_STANDARD_LIBRARIES = YES;
				BUNDLE_LOADER = "$(TEST_HOST)";
				DEVELOPMENT_TEAM = NC8JXL2H35;
				INFOPLIST_FILE = ChuvaTests/Info.plist;
				IPHONEOS_DEPLOYMENT_TARGET = 9.0;
				LD_RUNPATH_SEARCH_PATHS = "$(inherited) @executable_path/Frameworks @loader_path/Frameworks";
				PRODUCT_BUNDLE_IDENTIFIER = io.chuva.develop.ChuvaTests;
				PRODUCT_NAME = "$(TARGET_NAME)";
				SWIFT_VERSION = 3.0;
				TARGETED_DEVICE_FAMILY = "1,2";
				TEST_HOST = "$(BUILT_PRODUCTS_DIR)/Chuva.app/Chuva";
			};
			name = Release;
		};
		0A0515B61F257303002FFE45 /* Debug */ = {
			isa = XCBuildConfiguration;
			buildSettings = {
				ALWAYS_EMBED_SWIFT_STANDARD_LIBRARIES = YES;
				DEVELOPMENT_TEAM = NC8JXL2H35;
				INFOPLIST_FILE = ChuvaUITests/Info.plist;
				IPHONEOS_DEPLOYMENT_TARGET = 9.0;
				LD_RUNPATH_SEARCH_PATHS = "$(inherited) @executable_path/Frameworks @loader_path/Frameworks";
				PRODUCT_BUNDLE_IDENTIFIER = io.chuva.develop.ChuvaUITests;
				PRODUCT_NAME = "$(TARGET_NAME)";
				SWIFT_VERSION = 3.0;
				TARGETED_DEVICE_FAMILY = "1,2";
				TEST_TARGET_NAME = Chuva;
			};
			name = Debug;
		};
		0A0515B71F257303002FFE45 /* Release */ = {
			isa = XCBuildConfiguration;
			buildSettings = {
				ALWAYS_EMBED_SWIFT_STANDARD_LIBRARIES = YES;
				DEVELOPMENT_TEAM = NC8JXL2H35;
				INFOPLIST_FILE = ChuvaUITests/Info.plist;
				IPHONEOS_DEPLOYMENT_TARGET = 9.0;
				LD_RUNPATH_SEARCH_PATHS = "$(inherited) @executable_path/Frameworks @loader_path/Frameworks";
				PRODUCT_BUNDLE_IDENTIFIER = io.chuva.develop.ChuvaUITests;
				PRODUCT_NAME = "$(TARGET_NAME)";
				SWIFT_VERSION = 3.0;
				TARGETED_DEVICE_FAMILY = "1,2";
				TEST_TARGET_NAME = Chuva;
			};
			name = Release;
		};
/* End XCBuildConfiguration section */

/* Begin XCConfigurationList section */
		0A0515821F257303002FFE45 /* Build configuration list for PBXProject "Chuva" */ = {
			isa = XCConfigurationList;
			buildConfigurations = (
				0A0515AD1F257303002FFE45 /* Debug */,
				0A0515AE1F257303002FFE45 /* Release */,
			);
			defaultConfigurationIsVisible = 0;
			defaultConfigurationName = Release;
		};
		0A0515AF1F257303002FFE45 /* Build configuration list for PBXNativeTarget "Chuva" */ = {
			isa = XCConfigurationList;
			buildConfigurations = (
				0A0515B01F257303002FFE45 /* Debug */,
				0A0515B11F257303002FFE45 /* Release */,
			);
			defaultConfigurationIsVisible = 0;
			defaultConfigurationName = Release;
		};
		0A0515B21F257303002FFE45 /* Build configuration list for PBXNativeTarget "ChuvaTests" */ = {
			isa = XCConfigurationList;
			buildConfigurations = (
				0A0515B31F257303002FFE45 /* Debug */,
				0A0515B41F257303002FFE45 /* Release */,
			);
			defaultConfigurationIsVisible = 0;
			defaultConfigurationName = Release;
		};
		0A0515B51F257303002FFE45 /* Build configuration list for PBXNativeTarget "ChuvaUITests" */ = {
			isa = XCConfigurationList;
			buildConfigurations = (
				0A0515B61F257303002FFE45 /* Debug */,
				0A0515B71F257303002FFE45 /* Release */,
			);
			defaultConfigurationIsVisible = 0;
			defaultConfigurationName = Release;
		};
/* End XCConfigurationList section */
	};
	rootObject = 0A05157F1F257303002FFE45 /* Project object */;
}
